# This file is automatically @generated by Poetry 2.0.0 and should not be changed by hand.

[[package]]
name = "colorama"
version = "0.4.6"
description = "Cross-platform colored terminal text."
optional = false
python-versions = "!=3.0.*,!=3.1.*,!=3.2.*,!=3.3.*,!=3.4.*,!=3.5.*,!=3.6.*,>=2.7"
groups = ["main"]
files = [
    {file = "colorama-0.4.6-py2.py3-none-any.whl", hash = "sha256:4f1d9991f5acc0ca119f9d443620b77f9d6b33703e51011c16baf57afb285fc6"},
    {file = "colorama-0.4.6.tar.gz", hash = "sha256:08695f5cb7ed6e0531a20572697297273c47b8cae5a63ffc6d6ed5c201be6e44"},
]

[[package]]
name = "cxxfilt"
version = "0.3.0"
description = "Python interface to c++filt / abi::__cxa_demangle"
optional = false
python-versions = "*"
groups = ["main"]
files = [
    {file = "cxxfilt-0.3.0-py2.py3-none-any.whl", hash = "sha256:774e85a8d0157775ed43276d89397d924b104135762d86b3a95f81f203094e07"},
    {file = "cxxfilt-0.3.0.tar.gz", hash = "sha256:7df6464ba5e8efbf0d8974c0b2c78b32546676f06059a83515dbdfa559b34214"},
]

[package.extras]
test = ["pytest (>=3.0.0)"]

[[package]]
name = "levenshtein"
version = "0.25.1"
description = "Python extension for computing string edit distances and similarities."
optional = false
python-versions = ">=3.8"
groups = ["main"]
files = [
    {file = "Levenshtein-0.25.1-cp310-cp310-macosx_10_9_universal2.whl", hash = "sha256:eb4d1ec9f2dcbde1757c4b7fb65b8682bc2de45b9552e201988f287548b7abdf"},
    {file = "Levenshtein-0.25.1-cp310-cp310-macosx_10_9_x86_64.whl", hash = "sha256:b4d9fa3affef48a7e727cdbd0d9502cd060da86f34d8b3627edd769d347570e2"},
    {file = "Levenshtein-0.25.1-cp310-cp310-macosx_11_0_arm64.whl", hash = "sha256:c1b6cd186e58196ff8b402565317e9346b408d0c04fa0ed12ce4868c0fcb6d03"},
    {file = "Levenshtein-0.25.1-cp310-cp310-manylinux_2_17_aarch64.manylinux2014_aarch64.whl", hash = "sha256:82637ef5428384dd1812849dd7328992819bf0c4a20bff0a3b3ee806821af7ed"},
    {file = "Levenshtein-0.25.1-cp310-cp310-manylinux_2_17_ppc64le.manylinux2014_ppc64le.whl", hash = "sha256:e73656da6cc3e32a6e4bcd48562fcb64599ef124997f2c91f5320d7f1532c069"},
    {file = "Levenshtein-0.25.1-cp310-cp310-manylinux_2_17_s390x.manylinux2014_s390x.whl", hash = "sha256:5abff796f92cdfba69b9cbf6527afae918d0e95cbfac000bd84017f74e0bd427"},
    {file = "Levenshtein-0.25.1-cp310-cp310-manylinux_2_17_x86_64.manylinux2014_x86_64.whl", hash = "sha256:38827d82f2ca9cb755da6f03e686866f2f411280db005f4304272378412b4cba"},
    {file = "Levenshtein-0.25.1-cp310-cp310-manylinux_2_5_i686.manylinux1_i686.manylinux_2_17_i686.manylinux2014_i686.whl", hash = "sha256:2b989df1e3231261a87d68dfa001a2070771e178b09650f9cf99a20e3d3abc28"},
    {file = "Levenshtein-0.25.1-cp310-cp310-musllinux_1_1_aarch64.whl", hash = "sha256:2011d3b3897d438a2f88ef7aed7747f28739cae8538ec7c18c33dd989930c7a0"},
    {file = "Levenshtein-0.25.1-cp310-cp310-musllinux_1_1_i686.whl", hash = "sha256:6c375b33ec7acc1c6855e8ee8c7c8ac6262576ffed484ff5c556695527f49686"},
    {file = "Levenshtein-0.25.1-cp310-cp310-musllinux_1_1_ppc64le.whl", hash = "sha256:ce0cb9dd012ef1bf4d5b9d40603e7709b6581aec5acd32fcea9b371b294ca7aa"},
    {file = "Levenshtein-0.25.1-cp310-cp310-musllinux_1_1_s390x.whl", hash = "sha256:9da9ecb81bae67d784defed7274f894011259b038ec31f2339c4958157970115"},
    {file = "Levenshtein-0.25.1-cp310-cp310-musllinux_1_1_x86_64.whl", hash = "sha256:3bd7be5dbe5f4a1b691f381e39512927b39d1e195bd0ad61f9bf217a25bf36c9"},
    {file = "Levenshtein-0.25.1-cp310-cp310-win32.whl", hash = "sha256:f6abb9ced98261de67eb495b95e1d2325fa42b0344ed5763f7c0f36ee2e2bdba"},
    {file = "Levenshtein-0.25.1-cp310-cp310-win_amd64.whl", hash = "sha256:97581af3e0a6d359af85c6cf06e51f77f4d635f7109ff7f8ed7fd634d8d8c923"},
    {file = "Levenshtein-0.25.1-cp310-cp310-win_arm64.whl", hash = "sha256:9ba008f490788c6d8d5a10735fcf83559965be97e4ef0812db388a84b1cc736a"},
    {file = "Levenshtein-0.25.1-cp311-cp311-macosx_10_9_universal2.whl", hash = "sha256:f57d9cf06dac55c2d2f01f0d06e32acc074ab9a902921dc8fddccfb385053ad5"},
    {file = "Levenshtein-0.25.1-cp311-cp311-macosx_10_9_x86_64.whl", hash = "sha256:22b60c6d791f4ca67a3686b557ddb2a48de203dae5214f220f9dddaab17f44bb"},
    {file = "Levenshtein-0.25.1-cp311-cp311-macosx_11_0_arm64.whl", hash = "sha256:d0444ee62eccf1e6cedc7c5bc01a9face6ff70cc8afa3f3ca9340e4e16f601a4"},
    {file = "Levenshtein-0.25.1-cp311-cp311-manylinux_2_17_aarch64.manylinux2014_aarch64.whl", hash = "sha256:7e8758be8221a274c83924bae8dd8f42041792565a3c3bdd3c10e3f9b4a5f94e"},
    {file = "Levenshtein-0.25.1-cp311-cp311-manylinux_2_17_ppc64le.manylinux2014_ppc64le.whl", hash = "sha256:147221cfb1d03ed81d22fdd2a4c7fc2112062941b689e027a30d2b75bbced4a3"},
    {file = "Levenshtein-0.25.1-cp311-cp311-manylinux_2_17_s390x.manylinux2014_s390x.whl", hash = "sha256:a454d5bc4f4a289f5471418788517cc122fcc00d5a8aba78c54d7984840655a2"},
    {file = "Levenshtein-0.25.1-cp311-cp311-manylinux_2_17_x86_64.manylinux2014_x86_64.whl", hash = "sha256:5c25f3778bbac78286bef2df0ca80f50517b42b951af0a5ddaec514412f79fac"},
    {file = "Levenshtein-0.25.1-cp311-cp311-manylinux_2_5_i686.manylinux1_i686.manylinux_2_17_i686.manylinux2014_i686.whl", hash = "sha256:181486cf465aff934694cc9a19f3898a1d28025a9a5f80fc1608217e7cd1c799"},
    {file = "Levenshtein-0.25.1-cp311-cp311-musllinux_1_1_aarch64.whl", hash = "sha256:b8db9f672a5d150706648b37b044dba61f36ab7216c6a121cebbb2899d7dfaa3"},
    {file = "Levenshtein-0.25.1-cp311-cp311-musllinux_1_1_i686.whl", hash = "sha256:f2a69fe5ddea586d439f9a50d0c51952982f6c0db0e3573b167aa17e6d1dfc48"},
    {file = "Levenshtein-0.25.1-cp311-cp311-musllinux_1_1_ppc64le.whl", hash = "sha256:3b684675a3bd35efa6997856e73f36c8a41ef62519e0267dcbeefd15e26cae71"},
    {file = "Levenshtein-0.25.1-cp311-cp311-musllinux_1_1_s390x.whl", hash = "sha256:cc707ef7edb71f6bf8339198b929ead87c022c78040e41668a4db68360129cef"},
    {file = "Levenshtein-0.25.1-cp311-cp311-musllinux_1_1_x86_64.whl", hash = "sha256:41512c436b8c691326e2d07786d906cba0e92b5e3f455bf338befb302a0ca76d"},
    {file = "Levenshtein-0.25.1-cp311-cp311-win32.whl", hash = "sha256:2a3830175c01ade832ba0736091283f14a6506a06ffe8c846f66d9fbca91562f"},
    {file = "Levenshtein-0.25.1-cp311-cp311-win_amd64.whl", hash = "sha256:9e0af4e6e023e0c8f79af1d1ca5f289094eb91201f08ad90f426d71e4ae84052"},
    {file = "Levenshtein-0.25.1-cp311-cp311-win_arm64.whl", hash = "sha256:38e5d9a1d737d7b49fa17d6a4c03a0359288154bf46dc93b29403a9dd0cd1a7d"},
    {file = "Levenshtein-0.25.1-cp312-cp312-macosx_10_9_universal2.whl", hash = "sha256:4a40fa16ecd0bf9e557db67131aabeea957f82fe3e8df342aa413994c710c34e"},
    {file = "Levenshtein-0.25.1-cp312-cp312-macosx_10_9_x86_64.whl", hash = "sha256:4f7d2045d5927cffa65a0ac671c263edbfb17d880fdce2d358cd0bda9bcf2b6d"},
    {file = "Levenshtein-0.25.1-cp312-cp312-macosx_11_0_arm64.whl", hash = "sha256:40f96590539f9815be70e330b4d2efcce0219db31db5a22fffe99565192f5662"},
    {file = "Levenshtein-0.25.1-cp312-cp312-manylinux_2_17_aarch64.manylinux2014_aarch64.whl", hash = "sha256:2d78512dd25b572046ff86d8903bec283c373063349f8243430866b6a9946425"},
    {file = "Levenshtein-0.25.1-cp312-cp312-manylinux_2_17_ppc64le.manylinux2014_ppc64le.whl", hash = "sha256:c161f24a1b216e8555c874c7dd70c1a0d98f783f252a16c9face920a8b8a6f3e"},
    {file = "Levenshtein-0.25.1-cp312-cp312-manylinux_2_17_s390x.manylinux2014_s390x.whl", hash = "sha256:06ebbfd010a00490795f478d18d7fa2ffc79c9c03fc03b678081f31764d16bab"},
    {file = "Levenshtein-0.25.1-cp312-cp312-manylinux_2_17_x86_64.manylinux2014_x86_64.whl", hash = "sha256:eaa9ec0a4489ebfb25a9ec2cba064ed68d0d2485b8bc8b7203f84a7874755e0f"},
    {file = "Levenshtein-0.25.1-cp312-cp312-manylinux_2_5_i686.manylinux1_i686.manylinux_2_17_i686.manylinux2014_i686.whl", hash = "sha256:26408938a6db7b252824a701545d50dc9cdd7a3e4c7ee70834cca17953b76ad8"},
    {file = "Levenshtein-0.25.1-cp312-cp312-musllinux_1_1_aarch64.whl", hash = "sha256:330ec2faff957281f4e6a1a8c88286d1453e1d73ee273ea0f937e0c9281c2156"},
    {file = "Levenshtein-0.25.1-cp312-cp312-musllinux_1_1_i686.whl", hash = "sha256:9115d1b08626dfdea6f3955cb49ba5a578f7223205f80ead0038d6fc0442ce13"},
    {file = "Levenshtein-0.25.1-cp312-cp312-musllinux_1_1_ppc64le.whl", hash = "sha256:bbd602edab758e93a5c67bf0d8322f374a47765f1cdb6babaf593a64dc9633ad"},
    {file = "Levenshtein-0.25.1-cp312-cp312-musllinux_1_1_s390x.whl", hash = "sha256:b930b4df32cd3aabbed0e9f0c4fdd1ea4090a5c022ba9f1ae4ab70ccf1cf897a"},
    {file = "Levenshtein-0.25.1-cp312-cp312-musllinux_1_1_x86_64.whl", hash = "sha256:dd66fb51f88a3f73a802e1ff19a14978ddc9fbcb7ce3a667ca34f95ef54e0e44"},
    {file = "Levenshtein-0.25.1-cp312-cp312-win32.whl", hash = "sha256:386de94bd1937a16ae3c8f8b7dd2eff1b733994ecf56ce4d05dfdd0e776d0261"},
    {file = "Levenshtein-0.25.1-cp312-cp312-win_amd64.whl", hash = "sha256:9ee1902153d47886c9787598a4a5c324ce7fde44d44daa34fcf3652ac0de21bc"},
    {file = "Levenshtein-0.25.1-cp312-cp312-win_arm64.whl", hash = "sha256:b56a7e7676093c3aee50402226f4079b15bd21b5b8f1820f9d6d63fe99dc4927"},
    {file = "Levenshtein-0.25.1-cp38-cp38-macosx_10_9_universal2.whl", hash = "sha256:6b5dfdf6a0e2f35fd155d4c26b03398499c24aba7bc5db40245789c46ad35c04"},
    {file = "Levenshtein-0.25.1-cp38-cp38-macosx_10_9_x86_64.whl", hash = "sha256:355ff797f704459ddd8b95354d699d0d0642348636c92d5e67b49be4b0e6112b"},
    {file = "Levenshtein-0.25.1-cp38-cp38-macosx_11_0_arm64.whl", hash = "sha256:933b827a3b721210fff522f3dca9572f9f374a0e88fa3a6c7ee3164406ae7794"},
    {file = "Levenshtein-0.25.1-cp38-cp38-manylinux_2_17_aarch64.manylinux2014_aarch64.whl", hash = "sha256:be1da669a240f272d904ab452ad0a1603452e190f4e03e886e6b3a9904152b89"},
    {file = "Levenshtein-0.25.1-cp38-cp38-manylinux_2_17_ppc64le.manylinux2014_ppc64le.whl", hash = "sha256:265cbd78962503a26f2bea096258a3b70b279bb1a74a525c671d3ee43a190f9c"},
    {file = "Levenshtein-0.25.1-cp38-cp38-manylinux_2_17_s390x.manylinux2014_s390x.whl", hash = "sha256:63cc4d53a35e673b12b721a58b197b4a65734688fb72aa1987ce63ed612dca96"},
    {file = "Levenshtein-0.25.1-cp38-cp38-manylinux_2_17_x86_64.manylinux2014_x86_64.whl", hash = "sha256:75fee0c471b8799c70dad9d0d5b70f1f820249257f9617601c71b6c1b37bee92"},
    {file = "Levenshtein-0.25.1-cp38-cp38-manylinux_2_5_i686.manylinux1_i686.manylinux_2_17_i686.manylinux2014_i686.whl", hash = "sha256:045d6b0db124fbd37379b2b91f6d0786c2d9220e7a848e2dd31b99509a321240"},
    {file = "Levenshtein-0.25.1-cp38-cp38-musllinux_1_1_aarch64.whl", hash = "sha256:db7a2e9c51ac9cc2fd5679484f1eac6e0ab2085cb181240445f7fbf10df73230"},
    {file = "Levenshtein-0.25.1-cp38-cp38-musllinux_1_1_i686.whl", hash = "sha256:c379c588aa0d93d4607db7eb225fd683263d49669b1bbe49e28c978aa6a4305d"},
    {file = "Levenshtein-0.25.1-cp38-cp38-musllinux_1_1_ppc64le.whl", hash = "sha256:966dd00424df7f69b78da02a29b530fbb6c1728e9002a2925ed7edf26b231924"},
    {file = "Levenshtein-0.25.1-cp38-cp38-musllinux_1_1_s390x.whl", hash = "sha256:09daa6b068709cc1e68b670a706d928ed8f0b179a26161dd04b3911d9f757525"},
    {file = "Levenshtein-0.25.1-cp38-cp38-musllinux_1_1_x86_64.whl", hash = "sha256:d6bed0792635081accf70a7e11cfece986f744fddf46ce26808cd8bfc067e430"},
    {file = "Levenshtein-0.25.1-cp38-cp38-win32.whl", hash = "sha256:28e7b7faf5a745a690d1b1706ab82a76bbe9fa6b729d826f0cfdd24fd7c19740"},
    {file = "Levenshtein-0.25.1-cp38-cp38-win_amd64.whl", hash = "sha256:8ca0cc9b9e07316b5904f158d5cfa340d55b4a3566ac98eaac9f087c6efb9a1a"},
    {file = "Levenshtein-0.25.1-cp39-cp39-macosx_10_9_universal2.whl", hash = "sha256:45682cdb3ac4a5465c01b2dce483bdaa1d5dcd1a1359fab37d26165b027d3de2"},
    {file = "Levenshtein-0.25.1-cp39-cp39-macosx_10_9_x86_64.whl", hash = "sha256:f8dc3e63c4cd746ec162a4cd744c6dde857e84aaf8c397daa46359c3d54e6219"},
    {file = "Levenshtein-0.25.1-cp39-cp39-macosx_11_0_arm64.whl", hash = "sha256:01ad1eb09933a499a49923e74e05b1428ca4ef37fed32965fef23f1334a11563"},
    {file = "Levenshtein-0.25.1-cp39-cp39-manylinux_2_17_aarch64.manylinux2014_aarch64.whl", hash = "sha256:cbb4e8c4b8b7bbe0e1aa64710b806b6c3f31d93cb14969ae2c0eff0f3a592db8"},
    {file = "Levenshtein-0.25.1-cp39-cp39-manylinux_2_17_ppc64le.manylinux2014_ppc64le.whl", hash = "sha256:b48d1fe224b365975002e3e2ea947cbb91d2936a16297859b71c4abe8a39932c"},
    {file = "Levenshtein-0.25.1-cp39-cp39-manylinux_2_17_s390x.manylinux2014_s390x.whl", hash = "sha256:a164df16d876aab0a400f72aeac870ea97947ea44777c89330e9a16c7dc5cc0e"},
    {file = "Levenshtein-0.25.1-cp39-cp39-manylinux_2_17_x86_64.manylinux2014_x86_64.whl", hash = "sha256:995d3bcedcf64be6ceca423f6cfe29184a36d7c4cbac199fdc9a0a5ec7196cf5"},
    {file = "Levenshtein-0.25.1-cp39-cp39-manylinux_2_5_i686.manylinux1_i686.manylinux_2_17_i686.manylinux2014_i686.whl", hash = "sha256:bdaf62d637bef6711d6f3457e2684faab53b2db2ed53c05bc0dc856464c74742"},
    {file = "Levenshtein-0.25.1-cp39-cp39-musllinux_1_1_aarch64.whl", hash = "sha256:af9de3b5f8f5f3530cfd97daab9ab480d1b121ef34d8c0aa5bab0c645eae219e"},
    {file = "Levenshtein-0.25.1-cp39-cp39-musllinux_1_1_i686.whl", hash = "sha256:78fba73c352383b356a30c4674e39f086ffef7122fa625e7550b98be2392d387"},
    {file = "Levenshtein-0.25.1-cp39-cp39-musllinux_1_1_ppc64le.whl", hash = "sha256:9e0df0dcea3943321398f72e330c089b5d5447318310db6f17f5421642f3ade6"},
    {file = "Levenshtein-0.25.1-cp39-cp39-musllinux_1_1_s390x.whl", hash = "sha256:387f768bb201b9bc45f0f49557e2fb9a3774d9d087457bab972162dcd4fd352b"},
    {file = "Levenshtein-0.25.1-cp39-cp39-musllinux_1_1_x86_64.whl", hash = "sha256:5dcf931b64311039b43495715e9b795fbd97ab44ba3dd6bf24360b15e4e87649"},
    {file = "Levenshtein-0.25.1-cp39-cp39-win32.whl", hash = "sha256:2449f8668c0bd62a2b305a5e797348984c06ac20903b38b3bab74e55671ddd51"},
    {file = "Levenshtein-0.25.1-cp39-cp39-win_amd64.whl", hash = "sha256:28803fd6ec7b58065621f5ec0d24e44e2a7dc4842b64dcab690cb0a7ea545210"},
    {file = "Levenshtein-0.25.1-cp39-cp39-win_arm64.whl", hash = "sha256:0b074d452dff8ee86b5bdb6031aa32bb2ed3c8469a56718af5e010b9bb5124dc"},
    {file = "Levenshtein-0.25.1-pp38-pypy38_pp73-macosx_10_9_x86_64.whl", hash = "sha256:e9e060ef3925a68aeb12276f0e524fb1264592803d562ec0306c7c3f5c68eae0"},
    {file = "Levenshtein-0.25.1-pp38-pypy38_pp73-manylinux_2_17_aarch64.manylinux2014_aarch64.whl", hash = "sha256:5f84b84049318d44722db307c448f9dcb8d27c73525a378e901189a94889ba61"},
    {file = "Levenshtein-0.25.1-pp38-pypy38_pp73-manylinux_2_17_x86_64.manylinux2014_x86_64.whl", hash = "sha256:07e23fdf330cb185a0c7913ca5bd73a189dfd1742eae3a82e31ed8688b191800"},
    {file = "Levenshtein-0.25.1-pp38-pypy38_pp73-manylinux_2_5_i686.manylinux1_i686.manylinux_2_17_i686.manylinux2014_i686.whl", hash = "sha256:d06958e4a81ea0f0b2b7768a2ad05bcd50a9ad04c4d521dd37d5730ff12decdc"},
    {file = "Levenshtein-0.25.1-pp38-pypy38_pp73-win_amd64.whl", hash = "sha256:2ea7c34ec22b2fce21299b0caa6dde6bdebafcc2970e265853c9cfea8d1186da"},
    {file = "Levenshtein-0.25.1-pp39-pypy39_pp73-macosx_10_9_x86_64.whl", hash = "sha256:fddc0ccbdd94f57aa32e2eb3ac8310d08df2e175943dc20b3e1fc7a115850af4"},
    {file = "Levenshtein-0.25.1-pp39-pypy39_pp73-manylinux_2_17_aarch64.manylinux2014_aarch64.whl", hash = "sha256:7d52249cb3448bfe661d3d7db3a6673e835c7f37b30b0aeac499a1601bae873d"},
    {file = "Levenshtein-0.25.1-pp39-pypy39_pp73-manylinux_2_17_x86_64.manylinux2014_x86_64.whl", hash = "sha256:e8dd4c201b15f8c1e612f9074335392c8208ac147acbce09aff04e3974bf9b16"},
    {file = "Levenshtein-0.25.1-pp39-pypy39_pp73-manylinux_2_5_i686.manylinux1_i686.manylinux_2_17_i686.manylinux2014_i686.whl", hash = "sha256:23a4d95ce9d44161c7aa87ab76ad6056bc1093c461c60c097054a46dc957991f"},
    {file = "Levenshtein-0.25.1-pp39-pypy39_pp73-win_amd64.whl", hash = "sha256:65eea8a9c33037b23069dca4b3bc310e3c28ca53f60ec0c958d15c0952ba39fa"},
    {file = "Levenshtein-0.25.1.tar.gz", hash = "sha256:2df14471c778c75ffbd59cb64bbecfd4b0ef320ef9f80e4804764be7d5678980"},
]

[package.dependencies]
rapidfuzz = ">=3.8.0,<4.0.0"

[[package]]
name = "rapidfuzz"
version = "3.9.2"
description = "rapid fuzzy string matching"
optional = false
python-versions = ">=3.8"
groups = ["main"]
files = [
    {file = "rapidfuzz-3.9.2-cp310-cp310-macosx_10_9_x86_64.whl", hash = "sha256:45e0c3e279e70589381f47ad410de7211bac943e827eb09eb8339d2124abca90"},
    {file = "rapidfuzz-3.9.2-cp310-cp310-macosx_11_0_arm64.whl", hash = "sha256:280ef2f3066df9c486ffd3874d2489978fb8021044c47c006eb96be8d47917d7"},
    {file = "rapidfuzz-3.9.2-cp310-cp310-manylinux_2_17_aarch64.manylinux2014_aarch64.whl", hash = "sha256:fe128ac0e05ca3a71d8ff18e70884a64fde00b6fbd2b4d9f59f7a4d798257c55"},
    {file = "rapidfuzz-3.9.2-cp310-cp310-manylinux_2_17_i686.manylinux2014_i686.whl", hash = "sha256:8fbc0f6e1b6f4063b937d0edcf0a56cbc1d7179ade9b7d6c849c94e44a7b20f6"},
    {file = "rapidfuzz-3.9.2-cp310-cp310-manylinux_2_17_ppc64le.manylinux2014_ppc64le.whl", hash = "sha256:df19455c2fb85e86a721111b84ac8dd3685194f0edc9faefb226731ad3e134a7"},
    {file = "rapidfuzz-3.9.2-cp310-cp310-manylinux_2_17_s390x.manylinux2014_s390x.whl", hash = "sha256:801a5d97c465a3467b3cdf50cdcdadec129ddca582b24430f5d24c715c80be9b"},
    {file = "rapidfuzz-3.9.2-cp310-cp310-manylinux_2_17_x86_64.manylinux2014_x86_64.whl", hash = "sha256:81f218524596d261a6cb33cda965687e62dd30def478d39f0befa243642c3985"},
    {file = "rapidfuzz-3.9.2-cp310-cp310-musllinux_1_2_aarch64.whl", hash = "sha256:5c61d53f293b4e3286919b0e081513367afabcb5aef0b6f899d006117778e558"},
    {file = "rapidfuzz-3.9.2-cp310-cp310-musllinux_1_2_i686.whl", hash = "sha256:0ed70fc6627ae37319f822e5d8d21d561044e0b3331b6f0e6904476faa8d8ed7"},
    {file = "rapidfuzz-3.9.2-cp310-cp310-musllinux_1_2_ppc64le.whl", hash = "sha256:96fa229d06ee005d2f46374fb2af65590a590a6fa2fd56e66474829f5fa9adfe"},
    {file = "rapidfuzz-3.9.2-cp310-cp310-musllinux_1_2_s390x.whl", hash = "sha256:6609e881b57cabb40d515cc226bbf570e32e768bd2cc688ba026a45ffbc60875"},
    {file = "rapidfuzz-3.9.2-cp310-cp310-musllinux_1_2_x86_64.whl", hash = "sha256:204fd4d293ef4d409c4142ddf830b7613924b998670f67e512ab1f880a60218a"},
    {file = "rapidfuzz-3.9.2-cp310-cp310-win32.whl", hash = "sha256:5b331a09446bc8f8971cf488c9e6c0f7dbf2739828588e063cf08fd400638a24"},
    {file = "rapidfuzz-3.9.2-cp310-cp310-win_amd64.whl", hash = "sha256:01a9975984953fe549649e6a4c3f0d9c60707acf458184ec09678d6a57560112"},
    {file = "rapidfuzz-3.9.2-cp310-cp310-win_arm64.whl", hash = "sha256:ca4af5d7fc9c17bdc498aa1cab9ecf5140c8535c9cedeba1990bbe4b8be75098"},
    {file = "rapidfuzz-3.9.2-cp311-cp311-macosx_10_9_x86_64.whl", hash = "sha256:300ab53981a5d6831fe7e0f30c407c79520ad0f0ab51b2cece8717689026f495"},
    {file = "rapidfuzz-3.9.2-cp311-cp311-macosx_11_0_arm64.whl", hash = "sha256:f4828642acdb075154ce2ff3260f8afb6a17b5b0c8a437efbadac06e9995dd7b"},
    {file = "rapidfuzz-3.9.2-cp311-cp311-manylinux_2_17_aarch64.manylinux2014_aarch64.whl", hash = "sha256:9b262883c3ce93dee1a9a974992961c8098e96b8142e2e01cabdb15ea8105c4a"},
    {file = "rapidfuzz-3.9.2-cp311-cp311-manylinux_2_17_i686.manylinux2014_i686.whl", hash = "sha256:cf8582d85e35641734d6c1f43eb37c1f2a5eda338d3cfa8e651e078246b9ec58"},
    {file = "rapidfuzz-3.9.2-cp311-cp311-manylinux_2_17_ppc64le.manylinux2014_ppc64le.whl", hash = "sha256:e33b61ef87e1876d216c479fa2256233b3bb0424465ab2db1d94ab7b8649ae1c"},
    {file = "rapidfuzz-3.9.2-cp311-cp311-manylinux_2_17_s390x.manylinux2014_s390x.whl", hash = "sha256:0fa1b3eb21756003a6a3977847dd4e0e9a26e2e02731d9daa5e92a9258e7f0db"},
    {file = "rapidfuzz-3.9.2-cp311-cp311-manylinux_2_17_x86_64.manylinux2014_x86_64.whl", hash = "sha256:923ae0301a56356364f1159e3005fbeb2191e7a0e8705d5cc1b481d9eea27b97"},
    {file = "rapidfuzz-3.9.2-cp311-cp311-musllinux_1_2_aarch64.whl", hash = "sha256:d8e4041cfd87f0a022aa8a9a187d3b0824e35be2bd9b3bceada11578ddd9ad65"},
    {file = "rapidfuzz-3.9.2-cp311-cp311-musllinux_1_2_i686.whl", hash = "sha256:1f832b430f976727bdbba009ee64acda25412602976fbfb2113d41e765d81849"},
    {file = "rapidfuzz-3.9.2-cp311-cp311-musllinux_1_2_ppc64le.whl", hash = "sha256:6ce5e57e0c6acf5a98ffbdfaf8bccb6e41fbddb9eda3e041f4cc69b7cade5fa0"},
    {file = "rapidfuzz-3.9.2-cp311-cp311-musllinux_1_2_s390x.whl", hash = "sha256:d65f34e71102d9cbe733d4ba1c645e7623eef850562501bab1ac79d217831436"},
    {file = "rapidfuzz-3.9.2-cp311-cp311-musllinux_1_2_x86_64.whl", hash = "sha256:5dd9ba4df0db46b9f909289e4687cc7721c622985c4cd169969005dd30fc1e24"},
    {file = "rapidfuzz-3.9.2-cp311-cp311-win32.whl", hash = "sha256:34c8bca3fef33d7e71f290de68be2184fac7a9e136fa0ed22b17ec597e181406"},
    {file = "rapidfuzz-3.9.2-cp311-cp311-win_amd64.whl", hash = "sha256:91e1a8872c0b8aef95c33db86d25e8bdea6f557b9cdf683123c25035b2bcfb8e"},
    {file = "rapidfuzz-3.9.2-cp311-cp311-win_arm64.whl", hash = "sha256:ed02d73e46b7a4604d2bc1e0364b25f204862d40dd162f6b36ee22b9bf6d9df2"},
    {file = "rapidfuzz-3.9.2-cp312-cp312-macosx_10_9_x86_64.whl", hash = "sha256:ae6c4ba2778b097397968130f2b0cb795cdc415c115539a49ce798f606152ad5"},
    {file = "rapidfuzz-3.9.2-cp312-cp312-macosx_11_0_arm64.whl", hash = "sha256:7270556ddebaa98fb777f493f17ed6a733b3527de16c43342bce1db109042845"},
    {file = "rapidfuzz-3.9.2-cp312-cp312-manylinux_2_17_aarch64.manylinux2014_aarch64.whl", hash = "sha256:4625273447bdd94f2ab06b2951cd8b74356c3a48552208279a3ec2947ceee141"},
    {file = "rapidfuzz-3.9.2-cp312-cp312-manylinux_2_17_i686.manylinux2014_i686.whl", hash = "sha256:5107b5ec8821453f7cac70b2d0bc4866699b25bff4819ada8b28bf2b11e87f65"},
    {file = "rapidfuzz-3.9.2-cp312-cp312-manylinux_2_17_ppc64le.manylinux2014_ppc64le.whl", hash = "sha256:b04c851d309df8261ed42951444db657936234ceddf4032f4409b0214c95ecbe"},
    {file = "rapidfuzz-3.9.2-cp312-cp312-manylinux_2_17_s390x.manylinux2014_s390x.whl", hash = "sha256:aeefff80f3f5d6841c30ffe0cdc84d62874de5a64cff509ae26fbd7478297af8"},
    {file = "rapidfuzz-3.9.2-cp312-cp312-manylinux_2_17_x86_64.manylinux2014_x86_64.whl", hash = "sha256:4cdc106b5a99edd46443449c767287dbb5d4464a7536475a365e368e7ee4d651"},
    {file = "rapidfuzz-3.9.2-cp312-cp312-musllinux_1_2_aarch64.whl", hash = "sha256:ce253a2b7a71a01a4abac71ac31fd05f6ac1f1cd2af2d98fa80fe5c402175e54"},
    {file = "rapidfuzz-3.9.2-cp312-cp312-musllinux_1_2_i686.whl", hash = "sha256:5c30407cadbfe99753b7a996f0dd6da490b1e27d318c01db227e8f49770a01ec"},
    {file = "rapidfuzz-3.9.2-cp312-cp312-musllinux_1_2_ppc64le.whl", hash = "sha256:fb3fc387783f70387a91aababd8a5faeb230931b655ad99bcf838cd72404ba66"},
    {file = "rapidfuzz-3.9.2-cp312-cp312-musllinux_1_2_s390x.whl", hash = "sha256:c409852a89535ec8720301a847bab198c1c14d0f34ed07dfabbb90b1dbfc506d"},
    {file = "rapidfuzz-3.9.2-cp312-cp312-musllinux_1_2_x86_64.whl", hash = "sha256:8603050e547249c1cc8a8dc6a49917076572ea69b04bc51eb1748c403cfc9f46"},
    {file = "rapidfuzz-3.9.2-cp312-cp312-win32.whl", hash = "sha256:77bdb96e82d8831f0dd6db83e2ff0d4a731cff53e926d029c65a1dc3ae0f160a"},
    {file = "rapidfuzz-3.9.2-cp312-cp312-win_amd64.whl", hash = "sha256:09f354fa28e0fd170c6e4eea5e97eea0dba43761067df93109f49a5414ca8584"},
    {file = "rapidfuzz-3.9.2-cp312-cp312-win_arm64.whl", hash = "sha256:168299c9a2b4f20f10c1bb96d8da0bb05bf1f3b9957be3a0bae5db65ce9f095f"},
    {file = "rapidfuzz-3.9.2-cp38-cp38-macosx_10_9_x86_64.whl", hash = "sha256:d87621d60078f87cb52082b1cbf9849afeaa1cb6d0a2b072fce25fe21c8675b4"},
    {file = "rapidfuzz-3.9.2-cp38-cp38-macosx_11_0_arm64.whl", hash = "sha256:c447d0e534418ef3eaabcd890d85c7e9f289c1c6ef6e060a0b1f239799781747"},
    {file = "rapidfuzz-3.9.2-cp38-cp38-manylinux_2_17_aarch64.manylinux2014_aarch64.whl", hash = "sha256:b7161b205f25eff5f88ab809fb05a2a102634e06f452c0deb9535c9f41cd7b0a"},
    {file = "rapidfuzz-3.9.2-cp38-cp38-manylinux_2_17_i686.manylinux2014_i686.whl", hash = "sha256:f13a6bbadba8fdd42676c1213ebc692bba9fac00f7db0ae92acc06bb734294c4"},
    {file = "rapidfuzz-3.9.2-cp38-cp38-manylinux_2_17_ppc64le.manylinux2014_ppc64le.whl", hash = "sha256:54534743820a15bd0dc30a0a0010825be337973236550fd63587700a7950bbca"},
    {file = "rapidfuzz-3.9.2-cp38-cp38-manylinux_2_17_s390x.manylinux2014_s390x.whl", hash = "sha256:bea61851a4c2f93148aa2779458fb3f70a62342d77c9ec3d9d08445c8485b738"},
    {file = "rapidfuzz-3.9.2-cp38-cp38-manylinux_2_17_x86_64.manylinux2014_x86_64.whl", hash = "sha256:e941f81a60351a842976fea208e6a6701a5899eb8a80b907e57d7c3099337900"},
    {file = "rapidfuzz-3.9.2-cp38-cp38-musllinux_1_2_aarch64.whl", hash = "sha256:1bbfaf439e48efe3a48cada946cf7678b09c818ce9668e09dac40d05b772f6f8"},
    {file = "rapidfuzz-3.9.2-cp38-cp38-musllinux_1_2_i686.whl", hash = "sha256:574f464da18d660712e9776072572d462cf6a26144c833d18d9c93778286e023"},
    {file = "rapidfuzz-3.9.2-cp38-cp38-musllinux_1_2_ppc64le.whl", hash = "sha256:8a56c494246d29aacf5ac93ca3cf338d79588a1a5c05d8f496c3f4d7127e9031"},
    {file = "rapidfuzz-3.9.2-cp38-cp38-musllinux_1_2_s390x.whl", hash = "sha256:2943b0f17195c000948a7668bb11979ea0e50079a3d3db9d139e51b68c3a7c26"},
    {file = "rapidfuzz-3.9.2-cp38-cp38-musllinux_1_2_x86_64.whl", hash = "sha256:27214f93555d4f9b7b1baf107a6ba13e9daee21f1ec6e36418556d04a7ee4d9b"},
    {file = "rapidfuzz-3.9.2-cp38-cp38-win32.whl", hash = "sha256:876c6628fec6241262c27f8fda3c73bab88e205e9b9394c8868361e2eda59048"},
    {file = "rapidfuzz-3.9.2-cp38-cp38-win_amd64.whl", hash = "sha256:cf1952b486589ffcfbde2015ca9be15e0f4b0e63d1e2c25f3daec0263fda4e69"},
    {file = "rapidfuzz-3.9.2-cp39-cp39-macosx_10_9_x86_64.whl", hash = "sha256:1ca9a135060ee4d887d6af86493c3e0eb1c99ca205bca943fe5994dc93e648d5"},
    {file = "rapidfuzz-3.9.2-cp39-cp39-macosx_11_0_arm64.whl", hash = "sha256:723518c9a18e8bda996d77aa9307b6f8b0e77905702b2772b020adf24191073a"},
    {file = "rapidfuzz-3.9.2-cp39-cp39-manylinux_2_17_aarch64.manylinux2014_aarch64.whl", hash = "sha256:65eb9aeae73ac60e53a9d6c509daaa217ea256a5e184eb8920c9b15295c48677"},
    {file = "rapidfuzz-3.9.2-cp39-cp39-manylinux_2_17_i686.manylinux2014_i686.whl", hash = "sha256:ef2964f4eb9a37487c96e5e32167a3c4fa51bf8e899853d0ac67e0465a27702c"},
    {file = "rapidfuzz-3.9.2-cp39-cp39-manylinux_2_17_ppc64le.manylinux2014_ppc64le.whl", hash = "sha256:c64a252c96f29667c206726903bb9705c5195f01850360c9b9268de92ac878dc"},
    {file = "rapidfuzz-3.9.2-cp39-cp39-manylinux_2_17_s390x.manylinux2014_s390x.whl", hash = "sha256:e1b32b03398517b5e33c7f36d625a00fcb1c955b9fe3c939325688175fb21730"},
    {file = "rapidfuzz-3.9.2-cp39-cp39-manylinux_2_17_x86_64.manylinux2014_x86_64.whl", hash = "sha256:ec5f7b1bac77439b624f5acbd8bfe61e7b833678701068b43f7a489c151427c0"},
    {file = "rapidfuzz-3.9.2-cp39-cp39-musllinux_1_2_aarch64.whl", hash = "sha256:5fd1b49fba8b4b9172eed5b131c1e9864d4d76bebea34359274f16a3591e5f44"},
    {file = "rapidfuzz-3.9.2-cp39-cp39-musllinux_1_2_i686.whl", hash = "sha256:c05b033fc3ff043f48e744f67038af7fd34003047c7810f24bec7c01ce7da05b"},
    {file = "rapidfuzz-3.9.2-cp39-cp39-musllinux_1_2_ppc64le.whl", hash = "sha256:c3bea20db89b510d78d017b349b9d87159c32418693ddf091d9035dbe20b4dc0"},
    {file = "rapidfuzz-3.9.2-cp39-cp39-musllinux_1_2_s390x.whl", hash = "sha256:77226a77590f83ee073f4f8cc86a1232da88e24d19d349361faa169fb17ba1cd"},
    {file = "rapidfuzz-3.9.2-cp39-cp39-musllinux_1_2_x86_64.whl", hash = "sha256:83ed8bc2c942dc61ab739bbca1ead791143b4639dc92156d3060bd0b6f4541ea"},
    {file = "rapidfuzz-3.9.2-cp39-cp39-win32.whl", hash = "sha256:2db70f64974c10b76ae37d5cff6124dce791def815d4fdf5ac16fe60be88d905"},
    {file = "rapidfuzz-3.9.2-cp39-cp39-win_amd64.whl", hash = "sha256:bdead23114206dea4a22ed3aad6565b99a9e4b3fff9837c423afc556d2814b1a"},
    {file = "rapidfuzz-3.9.2-cp39-cp39-win_arm64.whl", hash = "sha256:0ec69ad076cfc7c88323d671613e40bb8754ba95a203556d9a7759e60f0544e8"},
    {file = "rapidfuzz-3.9.2-pp310-pypy310_pp73-macosx_10_9_x86_64.whl", hash = "sha256:018360654881e75131b227aa96cdaba543c438da881c70a12ca0c86e2c4083b2"},
    {file = "rapidfuzz-3.9.2-pp310-pypy310_pp73-macosx_11_0_arm64.whl", hash = "sha256:eaa8178ec9238f32f15b6e49f70b852accda0a848448c4e30bce77c6624ebaba"},
    {file = "rapidfuzz-3.9.2-pp310-pypy310_pp73-manylinux_2_17_aarch64.manylinux2014_aarch64.whl", hash = "sha256:32dd79b0f90ce609df96d0d48ef4327cf1f0415b9274588a466d3610a775d2f9"},
    {file = "rapidfuzz-3.9.2-pp310-pypy310_pp73-manylinux_2_17_i686.manylinux2014_i686.whl", hash = "sha256:04a1c38a72a50f3e6d346a33d53fa51ba390552b3592fca64a07e54d749b439b"},
    {file = "rapidfuzz-3.9.2-pp310-pypy310_pp73-manylinux_2_17_x86_64.manylinux2014_x86_64.whl", hash = "sha256:77ca96eec40e815f0cf10b00008f295fd26ca43792a844cf62588a8ea614e160"},
    {file = "rapidfuzz-3.9.2-pp310-pypy310_pp73-win_amd64.whl", hash = "sha256:c01c515a928f295f49d588b6523f44b474f047f9f2de0079bc57bcd00b870778"},
    {file = "rapidfuzz-3.9.2-pp38-pypy38_pp73-macosx_10_9_x86_64.whl", hash = "sha256:07e14ef260b6f4ee03dff07a0ac95a16aff1ddbc7e6171e07e49d2d61526f3be"},
    {file = "rapidfuzz-3.9.2-pp38-pypy38_pp73-macosx_11_0_arm64.whl", hash = "sha256:64f3480bddc12b89969930f12a50a1aeb53e09aad41cf8b27694d83ca1cc7864"},
    {file = "rapidfuzz-3.9.2-pp38-pypy38_pp73-manylinux_2_17_aarch64.manylinux2014_aarch64.whl", hash = "sha256:d3c9e33ec21755bda1878095537cb84848e9cf6510d4837d22144ba04e33df29"},
    {file = "rapidfuzz-3.9.2-pp38-pypy38_pp73-manylinux_2_17_i686.manylinux2014_i686.whl", hash = "sha256:a70045e84225697ddf67d656aa25b70d6802e2ff339d51f9545fca5b9b13fb8c"},
    {file = "rapidfuzz-3.9.2-pp38-pypy38_pp73-manylinux_2_17_x86_64.manylinux2014_x86_64.whl", hash = "sha256:b9ec1fd328518c33adb9171afe8735137cb7b492e4a81cddc23568f9980c235c"},
    {file = "rapidfuzz-3.9.2-pp38-pypy38_pp73-win_amd64.whl", hash = "sha256:1fd8458fdac232766d55593c1228c70968f382fdc376c25685273f99b5d1d921"},
    {file = "rapidfuzz-3.9.2-pp39-pypy39_pp73-macosx_10_9_x86_64.whl", hash = "sha256:a373748fddb5403b562b6d682082de360bb08395f44e3cb7e74819461e39a16c"},
    {file = "rapidfuzz-3.9.2-pp39-pypy39_pp73-macosx_11_0_arm64.whl", hash = "sha256:45f80856db3e22cb5f96ad1572aa1d004714514625ed4668144661d8a7c7e61f"},
    {file = "rapidfuzz-3.9.2-pp39-pypy39_pp73-manylinux_2_17_aarch64.manylinux2014_aarch64.whl", hash = "sha256:663e52cf878e0ccbbad0744eb3e2bb83a784645b146f15611bac225bc218f19b"},
    {file = "rapidfuzz-3.9.2-pp39-pypy39_pp73-manylinux_2_17_i686.manylinux2014_i686.whl", hash = "sha256:5fbe4d3034a8cfe59a2b477375ad7d739b3e5935f10af08abdf64aae55780cad"},
    {file = "rapidfuzz-3.9.2-pp39-pypy39_pp73-manylinux_2_17_x86_64.manylinux2014_x86_64.whl", hash = "sha256:dd38abfda97e42b30093f207108dcba944beab1edf6624ba757cf57354063177"},
    {file = "rapidfuzz-3.9.2-pp39-pypy39_pp73-win_amd64.whl", hash = "sha256:16b41fe360387283a3184ce72d4d26d1928e7ce809268a88e8491a776dd770af"},
    {file = "rapidfuzz-3.9.2.tar.gz", hash = "sha256:c899d78709f8d4bd0059784fa27a9f6c53d04fc4aeaa21de7c0c8e34a7154e88"},
]

[package.extras]
full = ["numpy"]

[[package]]
name = "watchdog"
version = "4.0.1"
description = "Filesystem events monitoring"
optional = false
python-versions = ">=3.8"
groups = ["main"]
files = [
    {file = "watchdog-4.0.1-cp310-cp310-macosx_10_9_universal2.whl", hash = "sha256:da2dfdaa8006eb6a71051795856bedd97e5b03e57da96f98e375682c48850645"},
    {file = "watchdog-4.0.1-cp310-cp310-macosx_10_9_x86_64.whl", hash = "sha256:e93f451f2dfa433d97765ca2634628b789b49ba8b504fdde5837cdcf25fdb53b"},
    {file = "watchdog-4.0.1-cp310-cp310-macosx_11_0_arm64.whl", hash = "sha256:ef0107bbb6a55f5be727cfc2ef945d5676b97bffb8425650dadbb184be9f9a2b"},
    {file = "watchdog-4.0.1-cp311-cp311-macosx_10_9_universal2.whl", hash = "sha256:17e32f147d8bf9657e0922c0940bcde863b894cd871dbb694beb6704cfbd2fb5"},
    {file = "watchdog-4.0.1-cp311-cp311-macosx_10_9_x86_64.whl", hash = "sha256:03e70d2df2258fb6cb0e95bbdbe06c16e608af94a3ffbd2b90c3f1e83eb10767"},
    {file = "watchdog-4.0.1-cp311-cp311-macosx_11_0_arm64.whl", hash = "sha256:123587af84260c991dc5f62a6e7ef3d1c57dfddc99faacee508c71d287248459"},
    {file = "watchdog-4.0.1-cp312-cp312-macosx_10_9_universal2.whl", hash = "sha256:093b23e6906a8b97051191a4a0c73a77ecc958121d42346274c6af6520dec175"},
    {file = "watchdog-4.0.1-cp312-cp312-macosx_10_9_x86_64.whl", hash = "sha256:611be3904f9843f0529c35a3ff3fd617449463cb4b73b1633950b3d97fa4bfb7"},
    {file = "watchdog-4.0.1-cp312-cp312-macosx_11_0_arm64.whl", hash = "sha256:62c613ad689ddcb11707f030e722fa929f322ef7e4f18f5335d2b73c61a85c28"},
    {file = "watchdog-4.0.1-cp38-cp38-macosx_10_9_universal2.whl", hash = "sha256:d4925e4bf7b9bddd1c3de13c9b8a2cdb89a468f640e66fbfabaf735bd85b3e35"},
    {file = "watchdog-4.0.1-cp38-cp38-macosx_10_9_x86_64.whl", hash = "sha256:cad0bbd66cd59fc474b4a4376bc5ac3fc698723510cbb64091c2a793b18654db"},
    {file = "watchdog-4.0.1-cp38-cp38-macosx_11_0_arm64.whl", hash = "sha256:a3c2c317a8fb53e5b3d25790553796105501a235343f5d2bf23bb8649c2c8709"},
    {file = "watchdog-4.0.1-cp39-cp39-macosx_10_9_universal2.whl", hash = "sha256:c9904904b6564d4ee8a1ed820db76185a3c96e05560c776c79a6ce5ab71888ba"},
    {file = "watchdog-4.0.1-cp39-cp39-macosx_10_9_x86_64.whl", hash = "sha256:667f3c579e813fcbad1b784db7a1aaa96524bed53437e119f6a2f5de4db04235"},
    {file = "watchdog-4.0.1-cp39-cp39-macosx_11_0_arm64.whl", hash = "sha256:d10a681c9a1d5a77e75c48a3b8e1a9f2ae2928eda463e8d33660437705659682"},
    {file = "watchdog-4.0.1-pp310-pypy310_pp73-macosx_10_9_x86_64.whl", hash = "sha256:0144c0ea9997b92615af1d94afc0c217e07ce2c14912c7b1a5731776329fcfc7"},
    {file = "watchdog-4.0.1-pp310-pypy310_pp73-macosx_11_0_arm64.whl", hash = "sha256:998d2be6976a0ee3a81fb8e2777900c28641fb5bfbd0c84717d89bca0addcdc5"},
    {file = "watchdog-4.0.1-pp38-pypy38_pp73-macosx_10_9_x86_64.whl", hash = "sha256:e7921319fe4430b11278d924ef66d4daa469fafb1da679a2e48c935fa27af193"},
    {file = "watchdog-4.0.1-pp38-pypy38_pp73-macosx_11_0_arm64.whl", hash = "sha256:f0de0f284248ab40188f23380b03b59126d1479cd59940f2a34f8852db710625"},
    {file = "watchdog-4.0.1-pp39-pypy39_pp73-macosx_10_9_x86_64.whl", hash = "sha256:bca36be5707e81b9e6ce3208d92d95540d4ca244c006b61511753583c81c70dd"},
    {file = "watchdog-4.0.1-pp39-pypy39_pp73-macosx_11_0_arm64.whl", hash = "sha256:ab998f567ebdf6b1da7dc1e5accfaa7c6992244629c0fdaef062f43249bd8dee"},
    {file = "watchdog-4.0.1-py3-none-manylinux2014_aarch64.whl", hash = "sha256:dddba7ca1c807045323b6af4ff80f5ddc4d654c8bce8317dde1bd96b128ed253"},
    {file = "watchdog-4.0.1-py3-none-manylinux2014_armv7l.whl", hash = "sha256:4513ec234c68b14d4161440e07f995f231be21a09329051e67a2118a7a612d2d"},
    {file = "watchdog-4.0.1-py3-none-manylinux2014_i686.whl", hash = "sha256:4107ac5ab936a63952dea2a46a734a23230aa2f6f9db1291bf171dac3ebd53c6"},
    {file = "watchdog-4.0.1-py3-none-manylinux2014_ppc64.whl", hash = "sha256:6e8c70d2cd745daec2a08734d9f63092b793ad97612470a0ee4cbb8f5f705c57"},
    {file = "watchdog-4.0.1-py3-none-manylinux2014_ppc64le.whl", hash = "sha256:f27279d060e2ab24c0aa98363ff906d2386aa6c4dc2f1a374655d4e02a6c5e5e"},
    {file = "watchdog-4.0.1-py3-none-manylinux2014_s390x.whl", hash = "sha256:f8affdf3c0f0466e69f5b3917cdd042f89c8c63aebdb9f7c078996f607cdb0f5"},
    {file = "watchdog-4.0.1-py3-none-manylinux2014_x86_64.whl", hash = "sha256:ac7041b385f04c047fcc2951dc001671dee1b7e0615cde772e84b01fbf68ee84"},
    {file = "watchdog-4.0.1-py3-none-win32.whl", hash = "sha256:206afc3d964f9a233e6ad34618ec60b9837d0582b500b63687e34011e15bb429"},
    {file = "watchdog-4.0.1-py3-none-win_amd64.whl", hash = "sha256:7577b3c43e5909623149f76b099ac49a1a01ca4e167d1785c76eb52fa585745a"},
    {file = "watchdog-4.0.1-py3-none-win_ia64.whl", hash = "sha256:d7b9f5f3299e8dd230880b6c55504a1f69cf1e4316275d1b215ebdd8187ec88d"},
    {file = "watchdog-4.0.1.tar.gz", hash = "sha256:eebaacf674fa25511e8867028d281e602ee6500045b57f43b08778082f7f8b44"},
]

[package.extras]
watchmedo = ["PyYAML (>=3.10)"]

[metadata]
lock-version = "2.1"
python-versions = "^3.8"
content-hash = "8c228a8b98248d5fb7e0cc86fe817e89f591c7c4549b945ff7f1a5cf400b14d8"
