# This file is automatically @generated by Poetry 2.1.3 and should not be changed by hand.

[[package]]
name = "colorama"
version = "0.4.6"
description = "Cross-platform colored terminal text."
optional = false
python-versions = "!=3.0.*,!=3.1.*,!=3.2.*,!=3.3.*,!=3.4.*,!=3.5.*,!=3.6.*,>=2.7"
groups = ["main"]
files = [
    {file = "colorama-0.4.6-py2.py3-none-any.whl", hash = "sha256:4f1d9991f5acc0ca119f9d443620b77f9d6b33703e51011c16baf57afb285fc6"},
    {file = "colorama-0.4.6.tar.gz", hash = "sha256:08695f5cb7ed6e0531a20572697297273c47b8cae5a63ffc6d6ed5c201be6e44"},
]

[[package]]
name = "cxxfilt"
version = "0.3.0"
description = "Python interface to c++filt / abi::__cxa_demangle"
optional = false
python-versions = "*"
groups = ["main"]
files = [
    {file = "cxxfilt-0.3.0-py2.py3-none-any.whl", hash = "sha256:774e85a8d0157775ed43276d89397d924b104135762d86b3a95f81f203094e07"},
    {file = "cxxfilt-0.3.0.tar.gz", hash = "sha256:7df6464ba5e8efbf0d8974c0b2c78b32546676f06059a83515dbdfa559b34214"},
]

[package.extras]
test = ["pytest (>=3.0.0)"]

[[package]]
name = "levenshtein"
version = "0.27.1"
description = "Python extension for computing string edit distances and similarities."
optional = false
python-versions = ">=3.9"
groups = ["main"]
files = [
    {file = "levenshtein-0.27.1-cp310-cp310-macosx_10_9_x86_64.whl", hash = "sha256:13d6f617cb6fe63714c4794861cfaacd398db58a292f930edb7f12aad931dace"},
    {file = "levenshtein-0.27.1-cp310-cp310-macosx_11_0_arm64.whl", hash = "sha256:ca9d54d41075e130c390e61360bec80f116b62d6ae973aec502e77e921e95334"},
    {file = "levenshtein-0.27.1-cp310-cp310-manylinux_2_17_aarch64.manylinux2014_aarch64.whl", hash = "sha256:2de1f822b5c9a20d10411f779dfd7181ce3407261436f8470008a98276a9d07f"},
    {file = "levenshtein-0.27.1-cp310-cp310-manylinux_2_17_ppc64le.manylinux2014_ppc64le.whl", hash = "sha256:81270392c2e45d1a7e1b3047c3a272d5e28bb4f1eff0137637980064948929b7"},
    {file = "levenshtein-0.27.1-cp310-cp310-manylinux_2_17_s390x.manylinux2014_s390x.whl", hash = "sha256:2d30c3ea23a94dddd56dbe323e1fa8a29ceb24da18e2daa8d0abf78b269a5ad1"},
    {file = "levenshtein-0.27.1-cp310-cp310-manylinux_2_17_x86_64.manylinux2014_x86_64.whl", hash = "sha256:0f3e0bea76695b9045bbf9ad5f67ad4cc01c11f783368f34760e068f19b6a6bc"},
    {file = "levenshtein-0.27.1-cp310-cp310-manylinux_2_5_i686.manylinux1_i686.manylinux_2_17_i686.manylinux2014_i686.whl", hash = "sha256:cdd190e468a68c31a5943368a5eaf4e130256a8707886d23ab5906a0cb98a43c"},
    {file = "levenshtein-0.27.1-cp310-cp310-musllinux_1_2_aarch64.whl", hash = "sha256:7c3121314bb4b676c011c33f6a0ebb462cfdcf378ff383e6f9e4cca5618d0ba7"},
    {file = "levenshtein-0.27.1-cp310-cp310-musllinux_1_2_i686.whl", hash = "sha256:f8ef378c873efcc5e978026b69b45342d841cd7a2f273447324f1c687cc4dc37"},
    {file = "levenshtein-0.27.1-cp310-cp310-musllinux_1_2_ppc64le.whl", hash = "sha256:ff18d78c5c16bea20876425e1bf5af56c25918fb01bc0f2532db1317d4c0e157"},
    {file = "levenshtein-0.27.1-cp310-cp310-musllinux_1_2_s390x.whl", hash = "sha256:13412ff805afbfe619d070280d1a76eb4198c60c5445cd5478bd4c7055bb3d51"},
    {file = "levenshtein-0.27.1-cp310-cp310-musllinux_1_2_x86_64.whl", hash = "sha256:a2adb9f263557f7fb13e19eb2f34595d86929a44c250b2fca6e9b65971e51e20"},
    {file = "levenshtein-0.27.1-cp310-cp310-win32.whl", hash = "sha256:6278a33d2e0e909d8829b5a72191419c86dd3bb45b82399c7efc53dabe870c35"},
    {file = "levenshtein-0.27.1-cp310-cp310-win_amd64.whl", hash = "sha256:5b602b8428ee5dc88432a55c5303a739ee2be7c15175bd67c29476a9d942f48e"},
    {file = "levenshtein-0.27.1-cp310-cp310-win_arm64.whl", hash = "sha256:48334081fddaa0c259ba01ee898640a2cf8ede62e5f7e25fefece1c64d34837f"},
    {file = "levenshtein-0.27.1-cp311-cp311-macosx_10_9_x86_64.whl", hash = "sha256:2e6f1760108319a108dceb2f02bc7cdb78807ad1f9c673c95eaa1d0fe5dfcaae"},
    {file = "levenshtein-0.27.1-cp311-cp311-macosx_11_0_arm64.whl", hash = "sha256:c4ed8400d94ab348099395e050b8ed9dd6a5d6b5b9e75e78b2b3d0b5f5b10f38"},
    {file = "levenshtein-0.27.1-cp311-cp311-manylinux_2_17_aarch64.manylinux2014_aarch64.whl", hash = "sha256:7826efe51be8ff58bc44a633e022fdd4b9fc07396375a6dbc4945a3bffc7bf8f"},
    {file = "levenshtein-0.27.1-cp311-cp311-manylinux_2_17_ppc64le.manylinux2014_ppc64le.whl", hash = "sha256:ff5afb78719659d353055863c7cb31599fbea6865c0890b2d840ee40214b3ddb"},
    {file = "levenshtein-0.27.1-cp311-cp311-manylinux_2_17_s390x.manylinux2014_s390x.whl", hash = "sha256:201dafd5c004cd52018560cf3213da799534d130cf0e4db839b51f3f06771de0"},
    {file = "levenshtein-0.27.1-cp311-cp311-manylinux_2_17_x86_64.manylinux2014_x86_64.whl", hash = "sha256:e5ddd59f3cfaec216811ee67544779d9e2d6ed33f79337492a248245d6379e3d"},
    {file = "levenshtein-0.27.1-cp311-cp311-manylinux_2_5_i686.manylinux1_i686.manylinux_2_17_i686.manylinux2014_i686.whl", hash = "sha256:6afc241d27ecf5b921063b796812c55b0115423ca6fa4827aa4b1581643d0a65"},
    {file = "levenshtein-0.27.1-cp311-cp311-musllinux_1_2_aarch64.whl", hash = "sha256:ee2e766277cceb8ca9e584ea03b8dc064449ba588d3e24c1923e4b07576db574"},
    {file = "levenshtein-0.27.1-cp311-cp311-musllinux_1_2_i686.whl", hash = "sha256:920b23d6109453913ce78ec451bc402ff19d020ee8be4722e9d11192ec2fac6f"},
    {file = "levenshtein-0.27.1-cp311-cp311-musllinux_1_2_ppc64le.whl", hash = "sha256:560d7edba126e2eea3ac3f2f12e7bd8bc9c6904089d12b5b23b6dfa98810b209"},
    {file = "levenshtein-0.27.1-cp311-cp311-musllinux_1_2_s390x.whl", hash = "sha256:8d5362b6c7aa4896dc0cb1e7470a4ad3c06124e0af055dda30d81d3c5549346b"},
    {file = "levenshtein-0.27.1-cp311-cp311-musllinux_1_2_x86_64.whl", hash = "sha256:65ba880815b0f80a80a293aeebac0fab8069d03ad2d6f967a886063458f9d7a1"},
    {file = "levenshtein-0.27.1-cp311-cp311-win32.whl", hash = "sha256:fcc08effe77fec0bc5b0f6f10ff20b9802b961c4a69047b5499f383119ddbe24"},
    {file = "levenshtein-0.27.1-cp311-cp311-win_amd64.whl", hash = "sha256:0ed402d8902be7df212ac598fc189f9b2d520817fdbc6a05e2ce44f7f3ef6857"},
    {file = "levenshtein-0.27.1-cp311-cp311-win_arm64.whl", hash = "sha256:7fdaab29af81a8eb981043737f42450efca64b9761ca29385487b29c506da5b5"},
    {file = "levenshtein-0.27.1-cp312-cp312-macosx_10_13_x86_64.whl", hash = "sha256:25fb540d8c55d1dc7bdc59b7de518ea5ed9df92eb2077e74bcb9bb6de7b06f69"},
    {file = "levenshtein-0.27.1-cp312-cp312-macosx_11_0_arm64.whl", hash = "sha256:f09cfab6387e9c908c7b37961c045e8e10eb9b7ec4a700367f8e080ee803a562"},
    {file = "levenshtein-0.27.1-cp312-cp312-manylinux_2_17_aarch64.manylinux2014_aarch64.whl", hash = "sha256:dafa29c0e616f322b574e0b2aeb5b1ff2f8d9a1a6550f22321f3bd9bb81036e3"},
    {file = "levenshtein-0.27.1-cp312-cp312-manylinux_2_17_ppc64le.manylinux2014_ppc64le.whl", hash = "sha256:be7a7642ea64392fa1e6ef7968c2e50ef2152c60948f95d0793361ed97cf8a6f"},
    {file = "levenshtein-0.27.1-cp312-cp312-manylinux_2_17_s390x.manylinux2014_s390x.whl", hash = "sha256:060b48c45ed54bcea9582ce79c6365b20a1a7473767e0b3d6be712fa3a22929c"},
    {file = "levenshtein-0.27.1-cp312-cp312-manylinux_2_17_x86_64.manylinux2014_x86_64.whl", hash = "sha256:712f562c5e64dd0398d3570fe99f8fbb88acec7cc431f101cb66c9d22d74c542"},
    {file = "levenshtein-0.27.1-cp312-cp312-manylinux_2_5_i686.manylinux1_i686.manylinux_2_17_i686.manylinux2014_i686.whl", hash = "sha256:a6141ad65cab49aa4527a3342d76c30c48adb2393b6cdfeca65caae8d25cb4b8"},
    {file = "levenshtein-0.27.1-cp312-cp312-musllinux_1_2_aarch64.whl", hash = "sha256:799b8d73cda3265331116f62932f553804eae16c706ceb35aaf16fc2a704791b"},
    {file = "levenshtein-0.27.1-cp312-cp312-musllinux_1_2_i686.whl", hash = "sha256:ec99871d98e517e1cc4a15659c62d6ea63ee5a2d72c5ddbebd7bae8b9e2670c8"},
    {file = "levenshtein-0.27.1-cp312-cp312-musllinux_1_2_ppc64le.whl", hash = "sha256:8799164e1f83588dbdde07f728ea80796ea72196ea23484d78d891470241b222"},
    {file = "levenshtein-0.27.1-cp312-cp312-musllinux_1_2_s390x.whl", hash = "sha256:583943813898326516ab451a83f734c6f07488cda5c361676150d3e3e8b47927"},
    {file = "levenshtein-0.27.1-cp312-cp312-musllinux_1_2_x86_64.whl", hash = "sha256:5bb22956af44bb4eade93546bf95be610c8939b9a9d4d28b2dfa94abf454fed7"},
    {file = "levenshtein-0.27.1-cp312-cp312-win32.whl", hash = "sha256:d9099ed1bcfa7ccc5540e8ad27b5dc6f23d16addcbe21fdd82af6440f4ed2b6d"},
    {file = "levenshtein-0.27.1-cp312-cp312-win_amd64.whl", hash = "sha256:7f071ecdb50aa6c15fd8ae5bcb67e9da46ba1df7bba7c6bf6803a54c7a41fd96"},
    {file = "levenshtein-0.27.1-cp312-cp312-win_arm64.whl", hash = "sha256:83b9033a984ccace7703f35b688f3907d55490182fd39b33a8e434d7b2e249e6"},
    {file = "levenshtein-0.27.1-cp313-cp313-macosx_10_13_x86_64.whl", hash = "sha256:ab00c2cae2889166afb7e1af64af2d4e8c1b126f3902d13ef3740df00e54032d"},
    {file = "levenshtein-0.27.1-cp313-cp313-macosx_11_0_arm64.whl", hash = "sha256:c27e00bc7527e282f7c437817081df8da4eb7054e7ef9055b851fa3947896560"},
    {file = "levenshtein-0.27.1-cp313-cp313-manylinux_2_17_aarch64.manylinux2014_aarch64.whl", hash = "sha256:a5b07de42bfc051136cc8e7f1e7ba2cb73666aa0429930f4218efabfdc5837ad"},
    {file = "levenshtein-0.27.1-cp313-cp313-manylinux_2_17_ppc64le.manylinux2014_ppc64le.whl", hash = "sha256:fb11ad3c9dae3063405aa50d9c96923722ab17bb606c776b6817d70b51fd7e07"},
    {file = "levenshtein-0.27.1-cp313-cp313-manylinux_2_17_s390x.manylinux2014_s390x.whl", hash = "sha256:5c5986fb46cb0c063305fd45b0a79924abf2959a6d984bbac2b511d3ab259f3f"},
    {file = "levenshtein-0.27.1-cp313-cp313-manylinux_2_17_x86_64.manylinux2014_x86_64.whl", hash = "sha256:75191e469269ddef2859bc64c4a8cfd6c9e063302766b5cb7e1e67f38cc7051a"},
    {file = "levenshtein-0.27.1-cp313-cp313-manylinux_2_5_i686.manylinux1_i686.manylinux_2_17_i686.manylinux2014_i686.whl", hash = "sha256:51b3a7b2266933babc04e4d9821a495142eebd6ef709f90e24bc532b52b81385"},
    {file = "levenshtein-0.27.1-cp313-cp313-musllinux_1_2_aarch64.whl", hash = "sha256:bbac509794afc3e2a9e73284c9e3d0aab5b1d928643f42b172969c3eefa1f2a3"},
    {file = "levenshtein-0.27.1-cp313-cp313-musllinux_1_2_i686.whl", hash = "sha256:8d68714785178347ecb272b94e85cbf7e638165895c4dd17ab57e7742d8872ec"},
    {file = "levenshtein-0.27.1-cp313-cp313-musllinux_1_2_ppc64le.whl", hash = "sha256:8ee74ee31a5ab8f61cd6c6c6e9ade4488dde1285f3c12207afc018393c9b8d14"},
    {file = "levenshtein-0.27.1-cp313-cp313-musllinux_1_2_s390x.whl", hash = "sha256:f2441b6365453ec89640b85344afd3d602b0d9972840b693508074c613486ce7"},
    {file = "levenshtein-0.27.1-cp313-cp313-musllinux_1_2_x86_64.whl", hash = "sha256:a9be39640a46d8a0f9be729e641651d16a62b2c07d3f4468c36e1cc66b0183b9"},
    {file = "levenshtein-0.27.1-cp313-cp313-win32.whl", hash = "sha256:a520af67d976761eb6580e7c026a07eb8f74f910f17ce60e98d6e492a1f126c7"},
    {file = "levenshtein-0.27.1-cp313-cp313-win_amd64.whl", hash = "sha256:7dd60aa49c2d8d23e0ef6452c8329029f5d092f386a177e3385d315cabb78f2a"},
    {file = "levenshtein-0.27.1-cp313-cp313-win_arm64.whl", hash = "sha256:149cd4f0baf5884ac5df625b7b0d281721b15de00f447080e38f5188106e1167"},
    {file = "levenshtein-0.27.1-cp39-cp39-macosx_10_9_x86_64.whl", hash = "sha256:0c9231ac7c705a689f12f4fc70286fa698b9c9f06091fcb0daddb245e9259cbe"},
    {file = "levenshtein-0.27.1-cp39-cp39-macosx_11_0_arm64.whl", hash = "sha256:cf9ba080b1a8659d35c11dcfffc7f8c001028c2a3a7b7e6832348cdd60c53329"},
    {file = "levenshtein-0.27.1-cp39-cp39-manylinux_2_17_aarch64.manylinux2014_aarch64.whl", hash = "sha256:164e3184385caca94ef7da49d373edd7fb52d4253bcc5bd5b780213dae307dfb"},
    {file = "levenshtein-0.27.1-cp39-cp39-manylinux_2_17_ppc64le.manylinux2014_ppc64le.whl", hash = "sha256:e6024d67de6efbd32aaaafd964864c7fee0569b960556de326c3619d1eeb2ba4"},
    {file = "levenshtein-0.27.1-cp39-cp39-manylinux_2_17_s390x.manylinux2014_s390x.whl", hash = "sha256:6fbb234b3b04e04f7b3a2f678e24fd873c86c543d541e9df3ac9ec1cc809e732"},
    {file = "levenshtein-0.27.1-cp39-cp39-manylinux_2_17_x86_64.manylinux2014_x86_64.whl", hash = "sha256:ffdd9056c7afb29aea00b85acdb93a3524e43852b934ebb9126c901506d7a1ed"},
    {file = "levenshtein-0.27.1-cp39-cp39-manylinux_2_5_i686.manylinux1_i686.manylinux_2_17_i686.manylinux2014_i686.whl", hash = "sha256:a1a0918243a313f481f4ba6a61f35767c1230395a187caeecf0be87a7c8f0624"},
    {file = "levenshtein-0.27.1-cp39-cp39-musllinux_1_2_aarch64.whl", hash = "sha256:c57655b20690ffa5168df7f4b7c6207c4ca917b700fb1b142a49749eb1cf37bb"},
    {file = "levenshtein-0.27.1-cp39-cp39-musllinux_1_2_i686.whl", hash = "sha256:079cc78de05d3ded6cf1c5e2c3eadeb1232e12d49be7d5824d66c92b28c3555a"},
    {file = "levenshtein-0.27.1-cp39-cp39-musllinux_1_2_ppc64le.whl", hash = "sha256:ac28c4ced134c0fe2941230ce4fd5c423aa66339e735321665fb9ae970f03a32"},
    {file = "levenshtein-0.27.1-cp39-cp39-musllinux_1_2_s390x.whl", hash = "sha256:a2f7688355b22db27588f53c922b4583b8b627c83a8340191bbae1fbbc0f5f56"},
    {file = "levenshtein-0.27.1-cp39-cp39-musllinux_1_2_x86_64.whl", hash = "sha256:654e8f016cb64ad27263d3364c6536e7644205f20d94748c8b94c586e3362a23"},
    {file = "levenshtein-0.27.1-cp39-cp39-win32.whl", hash = "sha256:145e6e8744643a3764fed9ab4ab9d3e2b8e5f05d2bcd0ad7df6f22f27a9fbcd4"},
    {file = "levenshtein-0.27.1-cp39-cp39-win_amd64.whl", hash = "sha256:612f0c90201c318dd113e7e97bd677e6e3e27eb740f242b7ae1a83f13c892b7e"},
    {file = "levenshtein-0.27.1-cp39-cp39-win_arm64.whl", hash = "sha256:cde09ec5b3cc84a6737113b47e45392b331c136a9e8a8ead8626f3eacae936f8"},
    {file = "levenshtein-0.27.1-pp310-pypy310_pp73-macosx_10_15_x86_64.whl", hash = "sha256:c92a222ab95b8d903eae6d5e7d51fe6c999be021b647715c18d04d0b0880f463"},
    {file = "levenshtein-0.27.1-pp310-pypy310_pp73-macosx_11_0_arm64.whl", hash = "sha256:71afc36b4ee950fa1140aff22ffda9e5e23280285858e1303260dbb2eabf342d"},
    {file = "levenshtein-0.27.1-pp310-pypy310_pp73-manylinux_2_17_aarch64.manylinux2014_aarch64.whl", hash = "sha256:58b1daeebfc148a571f09cfe18c16911ea1eaaa9e51065c5f7e7acbc4b866afa"},
    {file = "levenshtein-0.27.1-pp310-pypy310_pp73-manylinux_2_17_x86_64.manylinux2014_x86_64.whl", hash = "sha256:105edcb14797d95c77f69bad23104314715a64cafbf4b0e79d354a33d7b54d8d"},
    {file = "levenshtein-0.27.1-pp310-pypy310_pp73-manylinux_2_5_i686.manylinux1_i686.manylinux_2_17_i686.manylinux2014_i686.whl", hash = "sha256:d9c58fb1ef8bdc8773d705fbacf628e12c3bb63ee4d065dda18a76e86042444a"},
    {file = "levenshtein-0.27.1-pp310-pypy310_pp73-win_amd64.whl", hash = "sha256:e52270591854af67217103955a36bd7436b57c801e3354e73ba44d689ed93697"},
    {file = "levenshtein-0.27.1-pp311-pypy311_pp73-macosx_10_15_x86_64.whl", hash = "sha256:909b7b6bce27a4ec90576c9a9bd9af5a41308dfecf364b410e80b58038277bbe"},
    {file = "levenshtein-0.27.1-pp311-pypy311_pp73-macosx_11_0_arm64.whl", hash = "sha256:d193a7f97b8c6a350e36ec58e41a627c06fa4157c3ce4b2b11d90cfc3c2ebb8f"},
    {file = "levenshtein-0.27.1-pp311-pypy311_pp73-manylinux_2_17_aarch64.manylinux2014_aarch64.whl", hash = "sha256:614be316e3c06118705fae1f717f9072d35108e5fd4e66a7dd0e80356135340b"},
    {file = "levenshtein-0.27.1-pp311-pypy311_pp73-manylinux_2_17_x86_64.manylinux2014_x86_64.whl", hash = "sha256:31fc0a5bb070722bdabb6f7e14955a294a4a968c68202d294699817f21545d22"},
    {file = "levenshtein-0.27.1-pp311-pypy311_pp73-manylinux_2_5_i686.manylinux1_i686.manylinux_2_17_i686.manylinux2014_i686.whl", hash = "sha256:9415aa5257227af543be65768a80c7a75e266c3c818468ce6914812f88f9c3df"},
    {file = "levenshtein-0.27.1-pp311-pypy311_pp73-win_amd64.whl", hash = "sha256:7987ef006a3cf56a4532bd4c90c2d3b7b4ca9ad3bf8ae1ee5713c4a3bdfda913"},
    {file = "levenshtein-0.27.1-pp39-pypy39_pp73-macosx_10_15_x86_64.whl", hash = "sha256:e67750653459a8567b5bb10e56e7069b83428d42ff5f306be821ef033b92d1a8"},
    {file = "levenshtein-0.27.1-pp39-pypy39_pp73-macosx_11_0_arm64.whl", hash = "sha256:93344c2c3812f21fdc46bd9e57171684fc53dd107dae2f648d65ea6225d5ceaf"},
    {file = "levenshtein-0.27.1-pp39-pypy39_pp73-manylinux_2_17_aarch64.manylinux2014_aarch64.whl", hash = "sha256:da4baef7e7460691006dd2ca6b9e371aecf135130f72fddfe1620ae740b68d94"},
    {file = "levenshtein-0.27.1-pp39-pypy39_pp73-manylinux_2_17_x86_64.manylinux2014_x86_64.whl", hash = "sha256:8141c8e5bf2bd76ae214c348ba382045d7ed9d0e7ce060a36fc59c6af4b41d48"},
    {file = "levenshtein-0.27.1-pp39-pypy39_pp73-manylinux_2_5_i686.manylinux1_i686.manylinux_2_17_i686.manylinux2014_i686.whl", hash = "sha256:773aa120be48c71e25c08d92a2108786e6537a24081049664463715926c76b86"},
    {file = "levenshtein-0.27.1-pp39-pypy39_pp73-win_amd64.whl", hash = "sha256:f12a99138fb09eb5606ab9de61dd234dd82a7babba8f227b5dce0e3ae3a9eaf4"},
    {file = "levenshtein-0.27.1.tar.gz", hash = "sha256:3e18b73564cfc846eec94dd13fab6cb006b5d2e0cc56bad1fd7d5585881302e3"},
]

[package.dependencies]
rapidfuzz = ">=3.9.0,<4.0.0"

[[package]]
name = "rapidfuzz"
version = "3.13.0"
description = "rapid fuzzy string matching"
optional = false
python-versions = ">=3.9"
groups = ["main"]
files = [
    {file = "rapidfuzz-3.13.0-cp310-cp310-macosx_10_9_x86_64.whl", hash = "sha256:aafc42a1dc5e1beeba52cd83baa41372228d6d8266f6d803c16dbabbcc156255"},
    {file = "rapidfuzz-3.13.0-cp310-cp310-macosx_11_0_arm64.whl", hash = "sha256:85c9a131a44a95f9cac2eb6e65531db014e09d89c4f18c7b1fa54979cb9ff1f3"},
    {file = "rapidfuzz-3.13.0-cp310-cp310-manylinux_2_17_aarch64.manylinux2014_aarch64.whl", hash = "sha256:7d7cec4242d30dd521ef91c0df872e14449d1dffc2a6990ede33943b0dae56c3"},
    {file = "rapidfuzz-3.13.0-cp310-cp310-manylinux_2_17_i686.manylinux2014_i686.whl", hash = "sha256:e297c09972698c95649e89121e3550cee761ca3640cd005e24aaa2619175464e"},
    {file = "rapidfuzz-3.13.0-cp310-cp310-manylinux_2_17_ppc64le.manylinux2014_ppc64le.whl", hash = "sha256:ef0f5f03f61b0e5a57b1df7beafd83df993fd5811a09871bad6038d08e526d0d"},
    {file = "rapidfuzz-3.13.0-cp310-cp310-manylinux_2_17_s390x.manylinux2014_s390x.whl", hash = "sha256:d8cf5f7cd6e4d5eb272baf6a54e182b2c237548d048e2882258336533f3f02b7"},
    {file = "rapidfuzz-3.13.0-cp310-cp310-manylinux_2_17_x86_64.manylinux2014_x86_64.whl", hash = "sha256:9256218ac8f1a957806ec2fb9a6ddfc6c32ea937c0429e88cf16362a20ed8602"},
    {file = "rapidfuzz-3.13.0-cp310-cp310-musllinux_1_2_aarch64.whl", hash = "sha256:e1bdd2e6d0c5f9706ef7595773a81ca2b40f3b33fd7f9840b726fb00c6c4eb2e"},
    {file = "rapidfuzz-3.13.0-cp310-cp310-musllinux_1_2_i686.whl", hash = "sha256:5280be8fd7e2bee5822e254fe0a5763aa0ad57054b85a32a3d9970e9b09bbcbf"},
    {file = "rapidfuzz-3.13.0-cp310-cp310-musllinux_1_2_ppc64le.whl", hash = "sha256:fd742c03885db1fce798a1cd87a20f47f144ccf26d75d52feb6f2bae3d57af05"},
    {file = "rapidfuzz-3.13.0-cp310-cp310-musllinux_1_2_s390x.whl", hash = "sha256:5435fcac94c9ecf0504bf88a8a60c55482c32e18e108d6079a0089c47f3f8cf6"},
    {file = "rapidfuzz-3.13.0-cp310-cp310-musllinux_1_2_x86_64.whl", hash = "sha256:93a755266856599be4ab6346273f192acde3102d7aa0735e2f48b456397a041f"},
    {file = "rapidfuzz-3.13.0-cp310-cp310-win32.whl", hash = "sha256:3abe6a4e8eb4cfc4cda04dd650a2dc6d2934cbdeda5def7e6fd1c20f6e7d2a0b"},
    {file = "rapidfuzz-3.13.0-cp310-cp310-win_amd64.whl", hash = "sha256:e8ddb58961401da7d6f55f185512c0d6bd24f529a637078d41dd8ffa5a49c107"},
    {file = "rapidfuzz-3.13.0-cp310-cp310-win_arm64.whl", hash = "sha256:c523620d14ebd03a8d473c89e05fa1ae152821920c3ff78b839218ff69e19ca3"},
    {file = "rapidfuzz-3.13.0-cp311-cp311-macosx_10_9_x86_64.whl", hash = "sha256:d395a5cad0c09c7f096433e5fd4224d83b53298d53499945a9b0e5a971a84f3a"},
    {file = "rapidfuzz-3.13.0-cp311-cp311-macosx_11_0_arm64.whl", hash = "sha256:b7b3eda607a019169f7187328a8d1648fb9a90265087f6903d7ee3a8eee01805"},
    {file = "rapidfuzz-3.13.0-cp311-cp311-manylinux_2_17_aarch64.manylinux2014_aarch64.whl", hash = "sha256:98e0bfa602e1942d542de077baf15d658bd9d5dcfe9b762aff791724c1c38b70"},
    {file = "rapidfuzz-3.13.0-cp311-cp311-manylinux_2_17_i686.manylinux2014_i686.whl", hash = "sha256:bef86df6d59667d9655905b02770a0c776d2853971c0773767d5ef8077acd624"},
    {file = "rapidfuzz-3.13.0-cp311-cp311-manylinux_2_17_ppc64le.manylinux2014_ppc64le.whl", hash = "sha256:fedd316c165beed6307bf754dee54d3faca2c47e1f3bcbd67595001dfa11e969"},
    {file = "rapidfuzz-3.13.0-cp311-cp311-manylinux_2_17_s390x.manylinux2014_s390x.whl", hash = "sha256:5158da7f2ec02a930be13bac53bb5903527c073c90ee37804090614cab83c29e"},
    {file = "rapidfuzz-3.13.0-cp311-cp311-manylinux_2_17_x86_64.manylinux2014_x86_64.whl", hash = "sha256:3b6f913ee4618ddb6d6f3e387b76e8ec2fc5efee313a128809fbd44e65c2bbb2"},
    {file = "rapidfuzz-3.13.0-cp311-cp311-musllinux_1_2_aarch64.whl", hash = "sha256:d25fdbce6459ccbbbf23b4b044f56fbd1158b97ac50994eaae2a1c0baae78301"},
    {file = "rapidfuzz-3.13.0-cp311-cp311-musllinux_1_2_i686.whl", hash = "sha256:25343ccc589a4579fbde832e6a1e27258bfdd7f2eb0f28cb836d6694ab8591fc"},
    {file = "rapidfuzz-3.13.0-cp311-cp311-musllinux_1_2_ppc64le.whl", hash = "sha256:a9ad1f37894e3ffb76bbab76256e8a8b789657183870be11aa64e306bb5228fd"},
    {file = "rapidfuzz-3.13.0-cp311-cp311-musllinux_1_2_s390x.whl", hash = "sha256:5dc71ef23845bb6b62d194c39a97bb30ff171389c9812d83030c1199f319098c"},
    {file = "rapidfuzz-3.13.0-cp311-cp311-musllinux_1_2_x86_64.whl", hash = "sha256:b7f4c65facdb94f44be759bbd9b6dda1fa54d0d6169cdf1a209a5ab97d311a75"},
    {file = "rapidfuzz-3.13.0-cp311-cp311-win32.whl", hash = "sha256:b5104b62711565e0ff6deab2a8f5dbf1fbe333c5155abe26d2cfd6f1849b6c87"},
    {file = "rapidfuzz-3.13.0-cp311-cp311-win_amd64.whl", hash = "sha256:9093cdeb926deb32a4887ebe6910f57fbcdbc9fbfa52252c10b56ef2efb0289f"},
    {file = "rapidfuzz-3.13.0-cp311-cp311-win_arm64.whl", hash = "sha256:f70f646751b6aa9d05be1fb40372f006cc89d6aad54e9d79ae97bd1f5fce5203"},
    {file = "rapidfuzz-3.13.0-cp312-cp312-macosx_10_13_x86_64.whl", hash = "sha256:4a1a6a906ba62f2556372282b1ef37b26bca67e3d2ea957277cfcefc6275cca7"},
    {file = "rapidfuzz-3.13.0-cp312-cp312-macosx_11_0_arm64.whl", hash = "sha256:2fd0975e015b05c79a97f38883a11236f5a24cca83aa992bd2558ceaa5652b26"},
    {file = "rapidfuzz-3.13.0-cp312-cp312-manylinux_2_17_aarch64.manylinux2014_aarch64.whl", hash = "sha256:5d4e13593d298c50c4f94ce453f757b4b398af3fa0fd2fde693c3e51195b7f69"},
    {file = "rapidfuzz-3.13.0-cp312-cp312-manylinux_2_17_i686.manylinux2014_i686.whl", hash = "sha256:ed6f416bda1c9133000009d84d9409823eb2358df0950231cc936e4bf784eb97"},
    {file = "rapidfuzz-3.13.0-cp312-cp312-manylinux_2_17_ppc64le.manylinux2014_ppc64le.whl", hash = "sha256:1dc82b6ed01acb536b94a43996a94471a218f4d89f3fdd9185ab496de4b2a981"},
    {file = "rapidfuzz-3.13.0-cp312-cp312-manylinux_2_17_s390x.manylinux2014_s390x.whl", hash = "sha256:e9d824de871daa6e443b39ff495a884931970d567eb0dfa213d234337343835f"},
    {file = "rapidfuzz-3.13.0-cp312-cp312-manylinux_2_17_x86_64.manylinux2014_x86_64.whl", hash = "sha256:2d18228a2390375cf45726ce1af9d36ff3dc1f11dce9775eae1f1b13ac6ec50f"},
    {file = "rapidfuzz-3.13.0-cp312-cp312-musllinux_1_2_aarch64.whl", hash = "sha256:9f5fe634c9482ec5d4a6692afb8c45d370ae86755e5f57aa6c50bfe4ca2bdd87"},
    {file = "rapidfuzz-3.13.0-cp312-cp312-musllinux_1_2_i686.whl", hash = "sha256:694eb531889f71022b2be86f625a4209c4049e74be9ca836919b9e395d5e33b3"},
    {file = "rapidfuzz-3.13.0-cp312-cp312-musllinux_1_2_ppc64le.whl", hash = "sha256:11b47b40650e06147dee5e51a9c9ad73bb7b86968b6f7d30e503b9f8dd1292db"},
    {file = "rapidfuzz-3.13.0-cp312-cp312-musllinux_1_2_s390x.whl", hash = "sha256:98b8107ff14f5af0243f27d236bcc6e1ef8e7e3b3c25df114e91e3a99572da73"},
    {file = "rapidfuzz-3.13.0-cp312-cp312-musllinux_1_2_x86_64.whl", hash = "sha256:b836f486dba0aceb2551e838ff3f514a38ee72b015364f739e526d720fdb823a"},
    {file = "rapidfuzz-3.13.0-cp312-cp312-win32.whl", hash = "sha256:4671ee300d1818d7bdfd8fa0608580d7778ba701817216f0c17fb29e6b972514"},
    {file = "rapidfuzz-3.13.0-cp312-cp312-win_amd64.whl", hash = "sha256:6e2065f68fb1d0bf65adc289c1bdc45ba7e464e406b319d67bb54441a1b9da9e"},
    {file = "rapidfuzz-3.13.0-cp312-cp312-win_arm64.whl", hash = "sha256:65cc97c2fc2c2fe23586599686f3b1ceeedeca8e598cfcc1b7e56dc8ca7e2aa7"},
    {file = "rapidfuzz-3.13.0-cp313-cp313-macosx_10_13_x86_64.whl", hash = "sha256:09e908064d3684c541d312bd4c7b05acb99a2c764f6231bd507d4b4b65226c23"},
    {file = "rapidfuzz-3.13.0-cp313-cp313-macosx_11_0_arm64.whl", hash = "sha256:57c390336cb50d5d3bfb0cfe1467478a15733703af61f6dffb14b1cd312a6fae"},
    {file = "rapidfuzz-3.13.0-cp313-cp313-manylinux_2_17_aarch64.manylinux2014_aarch64.whl", hash = "sha256:0da54aa8547b3c2c188db3d1c7eb4d1bb6dd80baa8cdaeaec3d1da3346ec9caa"},
    {file = "rapidfuzz-3.13.0-cp313-cp313-manylinux_2_17_i686.manylinux2014_i686.whl", hash = "sha256:df8e8c21e67afb9d7fbe18f42c6111fe155e801ab103c81109a61312927cc611"},
    {file = "rapidfuzz-3.13.0-cp313-cp313-manylinux_2_17_ppc64le.manylinux2014_ppc64le.whl", hash = "sha256:461fd13250a2adf8e90ca9a0e1e166515cbcaa5e9c3b1f37545cbbeff9e77f6b"},
    {file = "rapidfuzz-3.13.0-cp313-cp313-manylinux_2_17_s390x.manylinux2014_s390x.whl", hash = "sha256:c2b3dd5d206a12deca16870acc0d6e5036abeb70e3cad6549c294eff15591527"},
    {file = "rapidfuzz-3.13.0-cp313-cp313-manylinux_2_17_x86_64.manylinux2014_x86_64.whl", hash = "sha256:1343d745fbf4688e412d8f398c6e6d6f269db99a54456873f232ba2e7aeb4939"},
    {file = "rapidfuzz-3.13.0-cp313-cp313-musllinux_1_2_aarch64.whl", hash = "sha256:b1b065f370d54551dcc785c6f9eeb5bd517ae14c983d2784c064b3aa525896df"},
    {file = "rapidfuzz-3.13.0-cp313-cp313-musllinux_1_2_i686.whl", hash = "sha256:11b125d8edd67e767b2295eac6eb9afe0b1cdc82ea3d4b9257da4b8e06077798"},
    {file = "rapidfuzz-3.13.0-cp313-cp313-musllinux_1_2_ppc64le.whl", hash = "sha256:c33f9c841630b2bb7e69a3fb5c84a854075bb812c47620978bddc591f764da3d"},
    {file = "rapidfuzz-3.13.0-cp313-cp313-musllinux_1_2_s390x.whl", hash = "sha256:ae4574cb66cf1e85d32bb7e9ec45af5409c5b3970b7ceb8dea90168024127566"},
    {file = "rapidfuzz-3.13.0-cp313-cp313-musllinux_1_2_x86_64.whl", hash = "sha256:e05752418b24bbd411841b256344c26f57da1148c5509e34ea39c7eb5099ab72"},
    {file = "rapidfuzz-3.13.0-cp313-cp313-win32.whl", hash = "sha256:0e1d08cb884805a543f2de1f6744069495ef527e279e05370dd7c83416af83f8"},
    {file = "rapidfuzz-3.13.0-cp313-cp313-win_amd64.whl", hash = "sha256:9a7c6232be5f809cd39da30ee5d24e6cadd919831e6020ec6c2391f4c3bc9264"},
    {file = "rapidfuzz-3.13.0-cp313-cp313-win_arm64.whl", hash = "sha256:3f32f15bacd1838c929b35c84b43618481e1b3d7a61b5ed2db0291b70ae88b53"},
    {file = "rapidfuzz-3.13.0-cp39-cp39-macosx_10_9_x86_64.whl", hash = "sha256:cc64da907114d7a18b5e589057e3acaf2fec723d31c49e13fedf043592a3f6a7"},
    {file = "rapidfuzz-3.13.0-cp39-cp39-macosx_11_0_arm64.whl", hash = "sha256:4d9d7f84c8e992a8dbe5a3fdbea73d733da39bf464e62c912ac3ceba9c0cff93"},
    {file = "rapidfuzz-3.13.0-cp39-cp39-manylinux_2_17_aarch64.manylinux2014_aarch64.whl", hash = "sha256:1a79a2f07786a2070669b4b8e45bd96a01c788e7a3c218f531f3947878e0f956"},
    {file = "rapidfuzz-3.13.0-cp39-cp39-manylinux_2_17_i686.manylinux2014_i686.whl", hash = "sha256:9f338e71c45b69a482de8b11bf4a029993230760120c8c6e7c9b71760b6825a1"},
    {file = "rapidfuzz-3.13.0-cp39-cp39-manylinux_2_17_ppc64le.manylinux2014_ppc64le.whl", hash = "sha256:adb40ca8ddfcd4edd07b0713a860be32bdf632687f656963bcbce84cea04b8d8"},
    {file = "rapidfuzz-3.13.0-cp39-cp39-manylinux_2_17_s390x.manylinux2014_s390x.whl", hash = "sha256:48719f7dcf62dfb181063b60ee2d0a39d327fa8ad81b05e3e510680c44e1c078"},
    {file = "rapidfuzz-3.13.0-cp39-cp39-manylinux_2_17_x86_64.manylinux2014_x86_64.whl", hash = "sha256:9327a4577f65fc3fb712e79f78233815b8a1c94433d0c2c9f6bc5953018b3565"},
    {file = "rapidfuzz-3.13.0-cp39-cp39-musllinux_1_2_aarch64.whl", hash = "sha256:200030dfc0a1d5d6ac18e993c5097c870c97c41574e67f227300a1fb74457b1d"},
    {file = "rapidfuzz-3.13.0-cp39-cp39-musllinux_1_2_i686.whl", hash = "sha256:cc269e74cad6043cb8a46d0ce580031ab642b5930562c2bb79aa7fbf9c858d26"},
    {file = "rapidfuzz-3.13.0-cp39-cp39-musllinux_1_2_ppc64le.whl", hash = "sha256:e62779c6371bd2b21dbd1fdce89eaec2d93fd98179d36f61130b489f62294a92"},
    {file = "rapidfuzz-3.13.0-cp39-cp39-musllinux_1_2_s390x.whl", hash = "sha256:f4797f821dc5d7c2b6fc818b89f8a3f37bcc900dd9e4369e6ebf1e525efce5db"},
    {file = "rapidfuzz-3.13.0-cp39-cp39-musllinux_1_2_x86_64.whl", hash = "sha256:d21f188f6fe4fbf422e647ae9d5a68671d00218e187f91859c963d0738ccd88c"},
    {file = "rapidfuzz-3.13.0-cp39-cp39-win32.whl", hash = "sha256:45dd4628dd9c21acc5c97627dad0bb791764feea81436fb6e0a06eef4c6dceaa"},
    {file = "rapidfuzz-3.13.0-cp39-cp39-win_amd64.whl", hash = "sha256:624a108122039af89ddda1a2b7ab2a11abe60c1521956f142f5d11bcd42ef138"},
    {file = "rapidfuzz-3.13.0-cp39-cp39-win_arm64.whl", hash = "sha256:435071fd07a085ecbf4d28702a66fd2e676a03369ee497cc38bcb69a46bc77e2"},
    {file = "rapidfuzz-3.13.0-pp310-pypy310_pp73-macosx_10_15_x86_64.whl", hash = "sha256:fe5790a36d33a5d0a6a1f802aa42ecae282bf29ac6f7506d8e12510847b82a45"},
    {file = "rapidfuzz-3.13.0-pp310-pypy310_pp73-macosx_11_0_arm64.whl", hash = "sha256:cdb33ee9f8a8e4742c6b268fa6bd739024f34651a06b26913381b1413ebe7590"},
    {file = "rapidfuzz-3.13.0-pp310-pypy310_pp73-manylinux_2_17_aarch64.manylinux2014_aarch64.whl", hash = "sha256:8c99b76b93f7b495eee7dcb0d6a38fb3ce91e72e99d9f78faa5664a881cb2b7d"},
    {file = "rapidfuzz-3.13.0-pp310-pypy310_pp73-manylinux_2_17_i686.manylinux2014_i686.whl", hash = "sha256:6af42f2ede8b596a6aaf6d49fdee3066ca578f4856b85ab5c1e2145de367a12d"},
    {file = "rapidfuzz-3.13.0-pp310-pypy310_pp73-manylinux_2_17_x86_64.manylinux2014_x86_64.whl", hash = "sha256:6c0efa73afbc5b265aca0d8a467ae2a3f40d6854cbe1481cb442a62b7bf23c99"},
    {file = "rapidfuzz-3.13.0-pp310-pypy310_pp73-win_amd64.whl", hash = "sha256:7ac21489de962a4e2fc1e8f0b0da4aa1adc6ab9512fd845563fecb4b4c52093a"},
    {file = "rapidfuzz-3.13.0-pp311-pypy311_pp73-macosx_10_15_x86_64.whl", hash = "sha256:1ba007f4d35a45ee68656b2eb83b8715e11d0f90e5b9f02d615a8a321ff00c27"},
    {file = "rapidfuzz-3.13.0-pp311-pypy311_pp73-macosx_11_0_arm64.whl", hash = "sha256:d7a217310429b43be95b3b8ad7f8fc41aba341109dc91e978cd7c703f928c58f"},
    {file = "rapidfuzz-3.13.0-pp311-pypy311_pp73-manylinux_2_17_aarch64.manylinux2014_aarch64.whl", hash = "sha256:558bf526bcd777de32b7885790a95a9548ffdcce68f704a81207be4a286c1095"},
    {file = "rapidfuzz-3.13.0-pp311-pypy311_pp73-manylinux_2_17_i686.manylinux2014_i686.whl", hash = "sha256:202a87760f5145140d56153b193a797ae9338f7939eb16652dd7ff96f8faf64c"},
    {file = "rapidfuzz-3.13.0-pp311-pypy311_pp73-manylinux_2_17_x86_64.manylinux2014_x86_64.whl", hash = "sha256:cfcccc08f671646ccb1e413c773bb92e7bba789e3a1796fd49d23c12539fe2e4"},
    {file = "rapidfuzz-3.13.0-pp311-pypy311_pp73-win_amd64.whl", hash = "sha256:1f219f1e3c3194d7a7de222f54450ce12bc907862ff9a8962d83061c1f923c86"},
    {file = "rapidfuzz-3.13.0-pp39-pypy39_pp73-macosx_10_15_x86_64.whl", hash = "sha256:ccbd0e7ea1a216315f63ffdc7cd09c55f57851afc8fe59a74184cb7316c0598b"},
    {file = "rapidfuzz-3.13.0-pp39-pypy39_pp73-macosx_11_0_arm64.whl", hash = "sha256:a50856f49a4016ef56edd10caabdaf3608993f9faf1e05c3c7f4beeac46bd12a"},
    {file = "rapidfuzz-3.13.0-pp39-pypy39_pp73-manylinux_2_17_aarch64.manylinux2014_aarch64.whl", hash = "sha256:0fd05336db4d0b8348d7eaaf6fa3c517b11a56abaa5e89470ce1714e73e4aca7"},
    {file = "rapidfuzz-3.13.0-pp39-pypy39_pp73-manylinux_2_17_i686.manylinux2014_i686.whl", hash = "sha256:573ad267eb9b3f6e9b04febce5de55d8538a87c56c64bf8fd2599a48dc9d8b77"},
    {file = "rapidfuzz-3.13.0-pp39-pypy39_pp73-manylinux_2_17_x86_64.manylinux2014_x86_64.whl", hash = "sha256:30fd1451f87ccb6c2f9d18f6caa483116bbb57b5a55d04d3ddbd7b86f5b14998"},
    {file = "rapidfuzz-3.13.0-pp39-pypy39_pp73-win_amd64.whl", hash = "sha256:a6dd36d4916cf57ddb05286ed40b09d034ca5d4bca85c17be0cb6a21290597d9"},
    {file = "rapidfuzz-3.13.0.tar.gz", hash = "sha256:d2eaf3839e52cbcc0accbe9817a67b4b0fcf70aaeb229cfddc1c28061f9ce5d8"},
]

[package.extras]
all = ["numpy"]

[[package]]
name = "watchdog"
version = "6.0.0"
description = "Filesystem events monitoring"
optional = false
python-versions = ">=3.9"
groups = ["main"]
files = [
    {file = "watchdog-6.0.0-cp310-cp310-macosx_10_9_universal2.whl", hash = "sha256:d1cdb490583ebd691c012b3d6dae011000fe42edb7a82ece80965b42abd61f26"},
    {file = "watchdog-6.0.0-cp310-cp310-macosx_10_9_x86_64.whl", hash = "sha256:bc64ab3bdb6a04d69d4023b29422170b74681784ffb9463ed4870cf2f3e66112"},
    {file = "watchdog-6.0.0-cp310-cp310-macosx_11_0_arm64.whl", hash = "sha256:c897ac1b55c5a1461e16dae288d22bb2e412ba9807df8397a635d88f671d36c3"},
    {file = "watchdog-6.0.0-cp311-cp311-macosx_10_9_universal2.whl", hash = "sha256:6eb11feb5a0d452ee41f824e271ca311a09e250441c262ca2fd7ebcf2461a06c"},
    {file = "watchdog-6.0.0-cp311-cp311-macosx_10_9_x86_64.whl", hash = "sha256:ef810fbf7b781a5a593894e4f439773830bdecb885e6880d957d5b9382a960d2"},
    {file = "watchdog-6.0.0-cp311-cp311-macosx_11_0_arm64.whl", hash = "sha256:afd0fe1b2270917c5e23c2a65ce50c2a4abb63daafb0d419fde368e272a76b7c"},
    {file = "watchdog-6.0.0-cp312-cp312-macosx_10_13_universal2.whl", hash = "sha256:bdd4e6f14b8b18c334febb9c4425a878a2ac20efd1e0b231978e7b150f92a948"},
    {file = "watchdog-6.0.0-cp312-cp312-macosx_10_13_x86_64.whl", hash = "sha256:c7c15dda13c4eb00d6fb6fc508b3c0ed88b9d5d374056b239c4ad1611125c860"},
    {file = "watchdog-6.0.0-cp312-cp312-macosx_11_0_arm64.whl", hash = "sha256:6f10cb2d5902447c7d0da897e2c6768bca89174d0c6e1e30abec5421af97a5b0"},
    {file = "watchdog-6.0.0-cp313-cp313-macosx_10_13_universal2.whl", hash = "sha256:490ab2ef84f11129844c23fb14ecf30ef3d8a6abafd3754a6f75ca1e6654136c"},
    {file = "watchdog-6.0.0-cp313-cp313-macosx_10_13_x86_64.whl", hash = "sha256:76aae96b00ae814b181bb25b1b98076d5fc84e8a53cd8885a318b42b6d3a5134"},
    {file = "watchdog-6.0.0-cp313-cp313-macosx_11_0_arm64.whl", hash = "sha256:a175f755fc2279e0b7312c0035d52e27211a5bc39719dd529625b1930917345b"},
    {file = "watchdog-6.0.0-cp39-cp39-macosx_10_9_universal2.whl", hash = "sha256:e6f0e77c9417e7cd62af82529b10563db3423625c5fce018430b249bf977f9e8"},
    {file = "watchdog-6.0.0-cp39-cp39-macosx_10_9_x86_64.whl", hash = "sha256:90c8e78f3b94014f7aaae121e6b909674df5b46ec24d6bebc45c44c56729af2a"},
    {file = "watchdog-6.0.0-cp39-cp39-macosx_11_0_arm64.whl", hash = "sha256:e7631a77ffb1f7d2eefa4445ebbee491c720a5661ddf6df3498ebecae5ed375c"},
    {file = "watchdog-6.0.0-pp310-pypy310_pp73-macosx_10_15_x86_64.whl", hash = "sha256:c7ac31a19f4545dd92fc25d200694098f42c9a8e391bc00bdd362c5736dbf881"},
    {file = "watchdog-6.0.0-pp310-pypy310_pp73-macosx_11_0_arm64.whl", hash = "sha256:9513f27a1a582d9808cf21a07dae516f0fab1cf2d7683a742c498b93eedabb11"},
    {file = "watchdog-6.0.0-pp39-pypy39_pp73-macosx_10_15_x86_64.whl", hash = "sha256:7a0e56874cfbc4b9b05c60c8a1926fedf56324bb08cfbc188969777940aef3aa"},
    {file = "watchdog-6.0.0-pp39-pypy39_pp73-macosx_11_0_arm64.whl", hash = "sha256:e6439e374fc012255b4ec786ae3c4bc838cd7309a540e5fe0952d03687d8804e"},
    {file = "watchdog-6.0.0-py3-none-manylinux2014_aarch64.whl", hash = "sha256:7607498efa04a3542ae3e05e64da8202e58159aa1fa4acddf7678d34a35d4f13"},
    {file = "watchdog-6.0.0-py3-none-manylinux2014_armv7l.whl", hash = "sha256:9041567ee8953024c83343288ccc458fd0a2d811d6a0fd68c4c22609e3490379"},
    {file = "watchdog-6.0.0-py3-none-manylinux2014_i686.whl", hash = "sha256:82dc3e3143c7e38ec49d61af98d6558288c415eac98486a5c581726e0737c00e"},
    {file = "watchdog-6.0.0-py3-none-manylinux2014_ppc64.whl", hash = "sha256:212ac9b8bf1161dc91bd09c048048a95ca3a4c4f5e5d4a7d1b1a7d5752a7f96f"},
    {file = "watchdog-6.0.0-py3-none-manylinux2014_ppc64le.whl", hash = "sha256:e3df4cbb9a450c6d49318f6d14f4bbc80d763fa587ba46ec86f99f9e6876bb26"},
    {file = "watchdog-6.0.0-py3-none-manylinux2014_s390x.whl", hash = "sha256:2cce7cfc2008eb51feb6aab51251fd79b85d9894e98ba847408f662b3395ca3c"},
    {file = "watchdog-6.0.0-py3-none-manylinux2014_x86_64.whl", hash = "sha256:20ffe5b202af80ab4266dcd3e91aae72bf2da48c0d33bdb15c66658e685e94e2"},
    {file = "watchdog-6.0.0-py3-none-win32.whl", hash = "sha256:07df1fdd701c5d4c8e55ef6cf55b8f0120fe1aef7ef39a1c6fc6bc2e606d517a"},
    {file = "watchdog-6.0.0-py3-none-win_amd64.whl", hash = "sha256:cbafb470cf848d93b5d013e2ecb245d4aa1c8fd0504e863ccefa32445359d680"},
    {file = "watchdog-6.0.0-py3-none-win_ia64.whl", hash = "sha256:a1914259fa9e1454315171103c6a30961236f508b9b623eae470268bbcc6a22f"},
    {file = "watchdog-6.0.0.tar.gz", hash = "sha256:9ddf7c82fda3ae8e24decda1338ede66e1c99883db93711d8fb941eaa2d8c282"},
]

[package.extras]
watchmedo = ["PyYAML (>=3.10)"]

[metadata]
lock-version = "2.1"
python-versions = "^3.9"
content-hash = "aac13e3e7169894bec074c896e60217eb229bb8e5b49484a01dc42f4200b5532"
